// !$*UTF8*$!
{
	archiveVersion = 1;
	classes = {
	};
	objectVersion = 46;
	objects = {

/* Begin PBXBuildFile section */
		10B41CA14BAD962113181229 /* Pods_Tripple.framework in Frameworks */ = {isa = PBXBuildFile; fileRef = 6B44844505DA87AB3CC644FA /* Pods_Tripple.framework */; };
		14CF7314467E3E0D83916529 /* Pods_TrippleUITests.framework in Frameworks */ = {isa = PBXBuildFile; fileRef = B440F723FC0C9F89A18CB66C /* Pods_TrippleUITests.framework */; };
		5C36A68AA6DF157A05AB9C92 /* Pods_TrippleTests.framework in Frameworks */ = {isa = PBXBuildFile; fileRef = 61EE8F06189A8355DBEE8427 /* Pods_TrippleTests.framework */; };
		8B27BC071D697EFC00A41C83 /* GoogleService-Info-Dev.plist in Resources */ = {isa = PBXBuildFile; fileRef = 8B27BC061D697EFC00A41C83 /* GoogleService-Info-Dev.plist */; };
		8B37FD781D4C2D5200073E67 /* libsqlite3.tbd in Frameworks */ = {isa = PBXBuildFile; fileRef = 8B37FD771D4C2D5200073E67 /* libsqlite3.tbd */; };
		8B37FD7A1D4C2D5B00073E67 /* libz.tbd in Frameworks */ = {isa = PBXBuildFile; fileRef = 8B37FD791D4C2D5B00073E67 /* libz.tbd */; };
		8B37FD971D4C54F400073E67 /* Info.plist in Resources */ = {isa = PBXBuildFile; fileRef = 8B37FD961D4C54F400073E67 /* Info.plist */; };
		8B3A10101D6A9FCB006CB486 /* CoreLocation.framework in Frameworks */ = {isa = PBXBuildFile; fileRef = 8B3A100F1D6A9FCB006CB486 /* CoreLocation.framework */; };
		8B3A10141D6AE257006CB486 /* MapKit.framework in Frameworks */ = {isa = PBXBuildFile; fileRef = 8B3A10131D6AE257006CB486 /* MapKit.framework */; };
		8B85919F1D4EFEDF00BC6EBD /* PinViewController.swift in Sources */ = {isa = PBXBuildFile; fileRef = 8B85919E1D4EFEDF00BC6EBD /* PinViewController.swift */; };
		8B8591BB1D50A37000BC6EBD /* SignInViewController.swift in Sources */ = {isa = PBXBuildFile; fileRef = 8B8591BA1D50A37000BC6EBD /* SignInViewController.swift */; };
		8B8D6E451D4D99090064819C /* PinListViewController.swift in Sources */ = {isa = PBXBuildFile; fileRef = 8B8D6E441D4D99090064819C /* PinListViewController.swift */; };
		8BBB46051D515E1C0028099A /* AccountViewController.swift in Sources */ = {isa = PBXBuildFile; fileRef = 8BBB46041D515E1C0028099A /* AccountViewController.swift */; };
		8BD5278A1D3C2CA1004F100E /* AppDelegate.swift in Sources */ = {isa = PBXBuildFile; fileRef = 8BD527891D3C2CA1004F100E /* AppDelegate.swift */; };
		8BD5278C1D3C2CA1004F100E /* CreatePinViewController.swift in Sources */ = {isa = PBXBuildFile; fileRef = 8BD5278B1D3C2CA1004F100E /* CreatePinViewController.swift */; };
		8BD5278E1D3C2CA1004F100E /* PinMapViewController.swift in Sources */ = {isa = PBXBuildFile; fileRef = 8BD5278D1D3C2CA1004F100E /* PinMapViewController.swift */; };
		8BD527911D3C2CA1004F100E /* Main.storyboard in Resources */ = {isa = PBXBuildFile; fileRef = 8BD5278F1D3C2CA1004F100E /* Main.storyboard */; };
		8BD527931D3C2CA1004F100E /* Assets.xcassets in Resources */ = {isa = PBXBuildFile; fileRef = 8BD527921D3C2CA1004F100E /* Assets.xcassets */; };
		8BD527A11D3C2CA1004F100E /* TrippleTests.swift in Sources */ = {isa = PBXBuildFile; fileRef = 8BD527A01D3C2CA1004F100E /* TrippleTests.swift */; };
		8BD527AC1D3C2CA1004F100E /* TrippleUITests.swift in Sources */ = {isa = PBXBuildFile; fileRef = 8BD527AB1D3C2CA1004F100E /* TrippleUITests.swift */; };
		8BD527BA1D3C3CE8004F100E /* Models.swift in Sources */ = {isa = PBXBuildFile; fileRef = 8BD527B91D3C3CE8004F100E /* Models.swift */; };
		8BDC18071D3F07BE00D3E305 /* WaypointAnnotationView.swift in Sources */ = {isa = PBXBuildFile; fileRef = 8BDC18061D3F07BE00D3E305 /* WaypointAnnotationView.swift */; };
		8BDC180D1D3F21C900D3E305 /* WaypointAnnotation.swift in Sources */ = {isa = PBXBuildFile; fileRef = 8BDC180C1D3F21C900D3E305 /* WaypointAnnotation.swift */; };
		8BFB8A991D51DD5A006F09C9 /* LaunchScreen.storyboard in Resources */ = {isa = PBXBuildFile; fileRef = 8BD527941D3C2CA1004F100E /* LaunchScreen.storyboard */; };
/* End PBXBuildFile section */

/* Begin PBXContainerItemProxy section */
		8BD5279D1D3C2CA1004F100E /* PBXContainerItemProxy */ = {
			isa = PBXContainerItemProxy;
			containerPortal = 8BD5277E1D3C2CA1004F100E /* Project object */;
			proxyType = 1;
			remoteGlobalIDString = 8BD527851D3C2CA1004F100E;
			remoteInfo = Tripple;
		};
		8BD527A81D3C2CA1004F100E /* PBXContainerItemProxy */ = {
			isa = PBXContainerItemProxy;
			containerPortal = 8BD5277E1D3C2CA1004F100E /* Project object */;
			proxyType = 1;
			remoteGlobalIDString = 8BD527851D3C2CA1004F100E;
			remoteInfo = Tripple;
		};
/* End PBXContainerItemProxy section */

/* Begin PBXFileReference section */
		5F07A78EB7AEBF3B76F49329 /* Pods-Tripple.debug.xcconfig */ = {isa = PBXFileReference; includeInIndex = 1; lastKnownFileType = text.xcconfig; name = "Pods-Tripple.debug.xcconfig"; path = "Pods/Target Support Files/Pods-Tripple/Pods-Tripple.debug.xcconfig"; sourceTree = "<group>"; };
		61EE8F06189A8355DBEE8427 /* Pods_TrippleTests.framework */ = {isa = PBXFileReference; explicitFileType = wrapper.framework; includeInIndex = 0; path = Pods_TrippleTests.framework; sourceTree = BUILT_PRODUCTS_DIR; };
		635B8E04222BB6593B38BDA8 /* Pods-TrippleTests.release.xcconfig */ = {isa = PBXFileReference; includeInIndex = 1; lastKnownFileType = text.xcconfig; name = "Pods-TrippleTests.release.xcconfig"; path = "Pods/Target Support Files/Pods-TrippleTests/Pods-TrippleTests.release.xcconfig"; sourceTree = "<group>"; };
		6B44844505DA87AB3CC644FA /* Pods_Tripple.framework */ = {isa = PBXFileReference; explicitFileType = wrapper.framework; includeInIndex = 0; path = Pods_Tripple.framework; sourceTree = BUILT_PRODUCTS_DIR; };
		8B27BC061D697EFC00A41C83 /* GoogleService-Info-Dev.plist */ = {isa = PBXFileReference; fileEncoding = 4; lastKnownFileType = text.plist.xml; path = "GoogleService-Info-Dev.plist"; sourceTree = "<group>"; };
		8B37FD771D4C2D5200073E67 /* libsqlite3.tbd */ = {isa = PBXFileReference; lastKnownFileType = "sourcecode.text-based-dylib-definition"; name = libsqlite3.tbd; path = usr/lib/libsqlite3.tbd; sourceTree = SDKROOT; };
		8B37FD791D4C2D5B00073E67 /* libz.tbd */ = {isa = PBXFileReference; lastKnownFileType = "sourcecode.text-based-dylib-definition"; name = libz.tbd; path = usr/lib/libz.tbd; sourceTree = SDKROOT; };
		8B37FD961D4C54F400073E67 /* Info.plist */ = {isa = PBXFileReference; fileEncoding = 4; lastKnownFileType = text.plist.xml; path = Info.plist; sourceTree = "<group>"; };
		8B3A10081D6A9986006CB486 /* Tripple-Bridging-Header.h */ = {isa = PBXFileReference; lastKnownFileType = sourcecode.c.h; path = "Tripple-Bridging-Header.h"; sourceTree = "<group>"; };
		8B3A100F1D6A9FCB006CB486 /* CoreLocation.framework */ = {isa = PBXFileReference; lastKnownFileType = wrapper.framework; name = CoreLocation.framework; path = System/Library/Frameworks/CoreLocation.framework; sourceTree = SDKROOT; };
		8B3A10131D6AE257006CB486 /* MapKit.framework */ = {isa = PBXFileReference; lastKnownFileType = wrapper.framework; name = MapKit.framework; path = System/Library/Frameworks/MapKit.framework; sourceTree = SDKROOT; };
		8B85919E1D4EFEDF00BC6EBD /* PinViewController.swift */ = {isa = PBXFileReference; fileEncoding = 4; lastKnownFileType = sourcecode.swift; path = PinViewController.swift; sourceTree = "<group>"; };
		8B8591BA1D50A37000BC6EBD /* SignInViewController.swift */ = {isa = PBXFileReference; fileEncoding = 4; lastKnownFileType = sourcecode.swift; path = SignInViewController.swift; sourceTree = "<group>"; };
		8B8D6E441D4D99090064819C /* PinListViewController.swift */ = {isa = PBXFileReference; fileEncoding = 4; lastKnownFileType = sourcecode.swift; path = PinListViewController.swift; sourceTree = "<group>"; };
		8BBB46041D515E1C0028099A /* AccountViewController.swift */ = {isa = PBXFileReference; fileEncoding = 4; lastKnownFileType = sourcecode.swift; path = AccountViewController.swift; sourceTree = "<group>"; };
		8BD527861D3C2CA1004F100E /* Tripple.app */ = {isa = PBXFileReference; explicitFileType = wrapper.application; includeInIndex = 0; path = Tripple.app; sourceTree = BUILT_PRODUCTS_DIR; };
		8BD527891D3C2CA1004F100E /* AppDelegate.swift */ = {isa = PBXFileReference; lastKnownFileType = sourcecode.swift; path = AppDelegate.swift; sourceTree = "<group>"; };
		8BD5278B1D3C2CA1004F100E /* CreatePinViewController.swift */ = {isa = PBXFileReference; lastKnownFileType = sourcecode.swift; path = CreatePinViewController.swift; sourceTree = "<group>"; };
		8BD5278D1D3C2CA1004F100E /* PinMapViewController.swift */ = {isa = PBXFileReference; lastKnownFileType = sourcecode.swift; path = PinMapViewController.swift; sourceTree = "<group>"; };
		8BD527901D3C2CA1004F100E /* Base */ = {isa = PBXFileReference; lastKnownFileType = file.storyboard; name = Base; path = Base.lproj/Main.storyboard; sourceTree = "<group>"; };
		8BD527921D3C2CA1004F100E /* Assets.xcassets */ = {isa = PBXFileReference; lastKnownFileType = folder.assetcatalog; path = Assets.xcassets; sourceTree = "<group>"; };
		8BD527951D3C2CA1004F100E /* Base */ = {isa = PBXFileReference; lastKnownFileType = file.storyboard; name = Base; path = Base.lproj/LaunchScreen.storyboard; sourceTree = "<group>"; };
		8BD5279C1D3C2CA1004F100E /* TrippleTests.xctest */ = {isa = PBXFileReference; explicitFileType = wrapper.cfbundle; includeInIndex = 0; path = TrippleTests.xctest; sourceTree = BUILT_PRODUCTS_DIR; };
		8BD527A01D3C2CA1004F100E /* TrippleTests.swift */ = {isa = PBXFileReference; lastKnownFileType = sourcecode.swift; path = TrippleTests.swift; sourceTree = "<group>"; };
		8BD527A21D3C2CA1004F100E /* Info.plist */ = {isa = PBXFileReference; lastKnownFileType = text.plist.xml; path = Info.plist; sourceTree = "<group>"; };
		8BD527A71D3C2CA1004F100E /* TrippleUITests.xctest */ = {isa = PBXFileReference; explicitFileType = wrapper.cfbundle; includeInIndex = 0; path = TrippleUITests.xctest; sourceTree = BUILT_PRODUCTS_DIR; };
		8BD527AB1D3C2CA1004F100E /* TrippleUITests.swift */ = {isa = PBXFileReference; lastKnownFileType = sourcecode.swift; path = TrippleUITests.swift; sourceTree = "<group>"; };
		8BD527AD1D3C2CA1004F100E /* Info.plist */ = {isa = PBXFileReference; lastKnownFileType = text.plist.xml; path = Info.plist; sourceTree = "<group>"; };
		8BD527B91D3C3CE8004F100E /* Models.swift */ = {isa = PBXFileReference; fileEncoding = 4; lastKnownFileType = sourcecode.swift; path = Models.swift; sourceTree = "<group>"; };
		8BD527BB1D3C491D004F100E /* Tripple.entitlements */ = {isa = PBXFileReference; lastKnownFileType = text.xml; path = Tripple.entitlements; sourceTree = "<group>"; };
		8BDC18061D3F07BE00D3E305 /* WaypointAnnotationView.swift */ = {isa = PBXFileReference; fileEncoding = 4; lastKnownFileType = sourcecode.swift; path = WaypointAnnotationView.swift; sourceTree = "<group>"; };
		8BDC180C1D3F21C900D3E305 /* WaypointAnnotation.swift */ = {isa = PBXFileReference; fileEncoding = 4; lastKnownFileType = sourcecode.swift; path = WaypointAnnotation.swift; sourceTree = "<group>"; };
		99BB4CB7955EF008426F5CEE /* Pods-TrippleTests.debug.xcconfig */ = {isa = PBXFileReference; includeInIndex = 1; lastKnownFileType = text.xcconfig; name = "Pods-TrippleTests.debug.xcconfig"; path = "Pods/Target Support Files/Pods-TrippleTests/Pods-TrippleTests.debug.xcconfig"; sourceTree = "<group>"; };
		A653322F5F6A8769B60CB6A0 /* Pods-TrippleUITests.debug.xcconfig */ = {isa = PBXFileReference; includeInIndex = 1; lastKnownFileType = text.xcconfig; name = "Pods-TrippleUITests.debug.xcconfig"; path = "Pods/Target Support Files/Pods-TrippleUITests/Pods-TrippleUITests.debug.xcconfig"; sourceTree = "<group>"; };
		B440F723FC0C9F89A18CB66C /* Pods_TrippleUITests.framework */ = {isa = PBXFileReference; explicitFileType = wrapper.framework; includeInIndex = 0; path = Pods_TrippleUITests.framework; sourceTree = BUILT_PRODUCTS_DIR; };
		DBCC576203283ECF46BB2F96 /* Pods-TrippleUITests.release.xcconfig */ = {isa = PBXFileReference; includeInIndex = 1; lastKnownFileType = text.xcconfig; name = "Pods-TrippleUITests.release.xcconfig"; path = "Pods/Target Support Files/Pods-TrippleUITests/Pods-TrippleUITests.release.xcconfig"; sourceTree = "<group>"; };
		F65A6951822DB4210345B63B /* Pods-Tripple.release.xcconfig */ = {isa = PBXFileReference; includeInIndex = 1; lastKnownFileType = text.xcconfig; name = "Pods-Tripple.release.xcconfig"; path = "Pods/Target Support Files/Pods-Tripple/Pods-Tripple.release.xcconfig"; sourceTree = "<group>"; };
/* End PBXFileReference section */

/* Begin PBXFrameworksBuildPhase section */
		8BD527831D3C2CA1004F100E /* Frameworks */ = {
			isa = PBXFrameworksBuildPhase;
			buildActionMask = 2147483647;
			files = (
				8B3A10141D6AE257006CB486 /* MapKit.framework in Frameworks */,
				8B3A10101D6A9FCB006CB486 /* CoreLocation.framework in Frameworks */,
				8B37FD7A1D4C2D5B00073E67 /* libz.tbd in Frameworks */,
				8B37FD781D4C2D5200073E67 /* libsqlite3.tbd in Frameworks */,
				10B41CA14BAD962113181229 /* Pods_Tripple.framework in Frameworks */,
			);
			runOnlyForDeploymentPostprocessing = 0;
		};
		8BD527991D3C2CA1004F100E /* Frameworks */ = {
			isa = PBXFrameworksBuildPhase;
			buildActionMask = 2147483647;
			files = (
				5C36A68AA6DF157A05AB9C92 /* Pods_TrippleTests.framework in Frameworks */,
			);
			runOnlyForDeploymentPostprocessing = 0;
		};
		8BD527A41D3C2CA1004F100E /* Frameworks */ = {
			isa = PBXFrameworksBuildPhase;
			buildActionMask = 2147483647;
			files = (
				14CF7314467E3E0D83916529 /* Pods_TrippleUITests.framework in Frameworks */,
			);
			runOnlyForDeploymentPostprocessing = 0;
		};
/* End PBXFrameworksBuildPhase section */

/* Begin PBXGroup section */
		13000931F11837016759F475 /* Frameworks */ = {
			isa = PBXGroup;
			children = (
				8B3A10131D6AE257006CB486 /* MapKit.framework */,
				8B3A100F1D6A9FCB006CB486 /* CoreLocation.framework */,
				6B44844505DA87AB3CC644FA /* Pods_Tripple.framework */,
				61EE8F06189A8355DBEE8427 /* Pods_TrippleTests.framework */,
				B440F723FC0C9F89A18CB66C /* Pods_TrippleUITests.framework */,
			);
			name = Frameworks;
			sourceTree = "<group>";
		};
		84E12200D53576C8A9F1C197 /* Pods */ = {
			isa = PBXGroup;
			children = (
				5F07A78EB7AEBF3B76F49329 /* Pods-Tripple.debug.xcconfig */,
				F65A6951822DB4210345B63B /* Pods-Tripple.release.xcconfig */,
				99BB4CB7955EF008426F5CEE /* Pods-TrippleTests.debug.xcconfig */,
				635B8E04222BB6593B38BDA8 /* Pods-TrippleTests.release.xcconfig */,
				A653322F5F6A8769B60CB6A0 /* Pods-TrippleUITests.debug.xcconfig */,
				DBCC576203283ECF46BB2F96 /* Pods-TrippleUITests.release.xcconfig */,
			);
			name = Pods;
			sourceTree = "<group>";
		};
		8BD5277D1D3C2CA1004F100E = {
			isa = PBXGroup;
			children = (
				8B37FD791D4C2D5B00073E67 /* libz.tbd */,
				8B37FD771D4C2D5200073E67 /* libsqlite3.tbd */,
				8BD527881D3C2CA1004F100E /* Tripple */,
				8BD5279F1D3C2CA1004F100E /* TrippleTests */,
				8BD527AA1D3C2CA1004F100E /* TrippleUITests */,
				8BD527871D3C2CA1004F100E /* Products */,
				84E12200D53576C8A9F1C197 /* Pods */,
				13000931F11837016759F475 /* Frameworks */,
			);
			sourceTree = "<group>";
		};
		8BD527871D3C2CA1004F100E /* Products */ = {
			isa = PBXGroup;
			children = (
				8BD527861D3C2CA1004F100E /* Tripple.app */,
				8BD5279C1D3C2CA1004F100E /* TrippleTests.xctest */,
				8BD527A71D3C2CA1004F100E /* TrippleUITests.xctest */,
			);
			name = Products;
			sourceTree = "<group>";
		};
		8BD527881D3C2CA1004F100E /* Tripple */ = {
			isa = PBXGroup;
			children = (
				8BD527BB1D3C491D004F100E /* Tripple.entitlements */,
				8BD527891D3C2CA1004F100E /* AppDelegate.swift */,
				8BD5278B1D3C2CA1004F100E /* CreatePinViewController.swift */,
				8BD5278D1D3C2CA1004F100E /* PinMapViewController.swift */,
				8B8D6E441D4D99090064819C /* PinListViewController.swift */,
				8BD527B91D3C3CE8004F100E /* Models.swift */,
				8B85919E1D4EFEDF00BC6EBD /* PinViewController.swift */,
				8BBB46041D515E1C0028099A /* AccountViewController.swift */,
				8B8591BA1D50A37000BC6EBD /* SignInViewController.swift */,
				8BD5278F1D3C2CA1004F100E /* Main.storyboard */,
				8BDC18061D3F07BE00D3E305 /* WaypointAnnotationView.swift */,
				8BDC180C1D3F21C900D3E305 /* WaypointAnnotation.swift */,
				8B27BC061D697EFC00A41C83 /* GoogleService-Info-Dev.plist */,
				8B37FD961D4C54F400073E67 /* Info.plist */,
				8BD527921D3C2CA1004F100E /* Assets.xcassets */,
				8BD527941D3C2CA1004F100E /* LaunchScreen.storyboard */,
				8B3A10081D6A9986006CB486 /* Tripple-Bridging-Header.h */,
			);
			path = Tripple;
			sourceTree = "<group>";
		};
		8BD5279F1D3C2CA1004F100E /* TrippleTests */ = {
			isa = PBXGroup;
			children = (
				8BD527A01D3C2CA1004F100E /* TrippleTests.swift */,
				8BD527A21D3C2CA1004F100E /* Info.plist */,
			);
			path = TrippleTests;
			sourceTree = "<group>";
		};
		8BD527AA1D3C2CA1004F100E /* TrippleUITests */ = {
			isa = PBXGroup;
			children = (
				8BD527AB1D3C2CA1004F100E /* TrippleUITests.swift */,
				8BD527AD1D3C2CA1004F100E /* Info.plist */,
			);
			path = TrippleUITests;
			sourceTree = "<group>";
		};
/* End PBXGroup section */

/* Begin PBXNativeTarget section */
		8BD527851D3C2CA1004F100E /* Tripple */ = {
			isa = PBXNativeTarget;
			buildConfigurationList = 8BD527B01D3C2CA1004F100E /* Build configuration list for PBXNativeTarget "Tripple" */;
			buildPhases = (
				8127B7BA2CF3FFD0769F4807 /* [CP] Check Pods Manifest.lock */,
				8BD527821D3C2CA1004F100E /* Sources */,
				8BD527831D3C2CA1004F100E /* Frameworks */,
				8BD527841D3C2CA1004F100E /* Resources */,
				01576CC3A5B4B76562E3FBF4 /* [CP] Embed Pods Frameworks */,
				4E741B46E4D3472EFC317BD2 /* [CP] Copy Pods Resources */,
			);
			buildRules = (
			);
			dependencies = (
			);
			name = Tripple;
			productName = Tripple;
			productReference = 8BD527861D3C2CA1004F100E /* Tripple.app */;
			productType = "com.apple.product-type.application";
		};
		8BD5279B1D3C2CA1004F100E /* TrippleTests */ = {
			isa = PBXNativeTarget;
			buildConfigurationList = 8BD527B31D3C2CA1004F100E /* Build configuration list for PBXNativeTarget "TrippleTests" */;
			buildPhases = (
				2B1E8A3C6C99AFAA362BAB6C /* [CP] Check Pods Manifest.lock */,
				8BD527981D3C2CA1004F100E /* Sources */,
				8BD527991D3C2CA1004F100E /* Frameworks */,
				8BD5279A1D3C2CA1004F100E /* Resources */,
				63F4D3035ECDED6B047A5A56 /* [CP] Embed Pods Frameworks */,
				45DE79CE16C54CA46A8FFA10 /* [CP] Copy Pods Resources */,
			);
			buildRules = (
			);
			dependencies = (
				8BD5279E1D3C2CA1004F100E /* PBXTargetDependency */,
			);
			name = TrippleTests;
			productName = TrippleTests;
			productReference = 8BD5279C1D3C2CA1004F100E /* TrippleTests.xctest */;
			productType = "com.apple.product-type.bundle.unit-test";
		};
		8BD527A61D3C2CA1004F100E /* TrippleUITests */ = {
			isa = PBXNativeTarget;
			buildConfigurationList = 8BD527B61D3C2CA1004F100E /* Build configuration list for PBXNativeTarget "TrippleUITests" */;
			buildPhases = (
				3F302E39622990C866090113 /* [CP] Check Pods Manifest.lock */,
				8BD527A31D3C2CA1004F100E /* Sources */,
				8BD527A41D3C2CA1004F100E /* Frameworks */,
				8BD527A51D3C2CA1004F100E /* Resources */,
				9460B1A97B2A03CF09B72464 /* [CP] Copy Pods Resources */,
			);
			buildRules = (
			);
			dependencies = (
				8BD527A91D3C2CA1004F100E /* PBXTargetDependency */,
			);
			name = TrippleUITests;
			productName = TrippleUITests;
			productReference = 8BD527A71D3C2CA1004F100E /* TrippleUITests.xctest */;
			productType = "com.apple.product-type.bundle.ui-testing";
		};
/* End PBXNativeTarget section */

/* Begin PBXProject section */
		8BD5277E1D3C2CA1004F100E /* Project object */ = {
			isa = PBXProject;
			attributes = {
				LastSwiftUpdateCheck = 0730;
				LastUpgradeCheck = 0730;
				ORGANIZATIONNAME = JwitApps;
				TargetAttributes = {
					8BD527851D3C2CA1004F100E = {
						CreatedOnToolsVersion = 7.3.1;
						DevelopmentTeam = 349WFX4WJR;
						SystemCapabilities = {
							com.apple.iCloud = {
								enabled = 0;
							};
						};
					};
					8BD5279B1D3C2CA1004F100E = {
						CreatedOnToolsVersion = 7.3.1;
						TestTargetID = 8BD527851D3C2CA1004F100E;
					};
					8BD527A61D3C2CA1004F100E = {
						CreatedOnToolsVersion = 7.3.1;
						TestTargetID = 8BD527851D3C2CA1004F100E;
					};
				};
			};
			buildConfigurationList = 8BD527811D3C2CA1004F100E /* Build configuration list for PBXProject "Tripple" */;
			compatibilityVersion = "Xcode 3.2";
			developmentRegion = English;
			hasScannedForEncodings = 0;
			knownRegions = (
				en,
				Base,
			);
			mainGroup = 8BD5277D1D3C2CA1004F100E;
			productRefGroup = 8BD527871D3C2CA1004F100E /* Products */;
			projectDirPath = "";
			projectRoot = "";
			targets = (
				8BD527851D3C2CA1004F100E /* Tripple */,
				8BD5279B1D3C2CA1004F100E /* TrippleTests */,
				8BD527A61D3C2CA1004F100E /* TrippleUITests */,
			);
		};
/* End PBXProject section */

/* Begin PBXResourcesBuildPhase section */
		8BD527841D3C2CA1004F100E /* Resources */ = {
			isa = PBXResourcesBuildPhase;
			buildActionMask = 2147483647;
			files = (
				8BD527931D3C2CA1004F100E /* Assets.xcassets in Resources */,
				8BD527911D3C2CA1004F100E /* Main.storyboard in Resources */,
				8B27BC071D697EFC00A41C83 /* GoogleService-Info-Dev.plist in Resources */,
				8B37FD971D4C54F400073E67 /* Info.plist in Resources */,
				8BFB8A991D51DD5A006F09C9 /* LaunchScreen.storyboard in Resources */,
			);
			runOnlyForDeploymentPostprocessing = 0;
		};
		8BD5279A1D3C2CA1004F100E /* Resources */ = {
			isa = PBXResourcesBuildPhase;
			buildActionMask = 2147483647;
			files = (
			);
			runOnlyForDeploymentPostprocessing = 0;
		};
		8BD527A51D3C2CA1004F100E /* Resources */ = {
			isa = PBXResourcesBuildPhase;
			buildActionMask = 2147483647;
			files = (
			);
			runOnlyForDeploymentPostprocessing = 0;
		};
/* End PBXResourcesBuildPhase section */

/* Begin PBXShellScriptBuildPhase section */
		01576CC3A5B4B76562E3FBF4 /* [CP] Embed Pods Frameworks */ = {
			isa = PBXShellScriptBuildPhase;
			buildActionMask = 2147483647;
			files = (
			);
			inputPaths = (
			);
			name = "[CP] Embed Pods Frameworks";
			outputPaths = (
			);
			runOnlyForDeploymentPostprocessing = 0;
			shellPath = /bin/sh;
			shellScript = "\"${SRCROOT}/Pods/Target Support Files/Pods-Tripple/Pods-Tripple-frameworks.sh\"\n";
			showEnvVarsInLog = 0;
		};
		2B1E8A3C6C99AFAA362BAB6C /* [CP] Check Pods Manifest.lock */ = {
			isa = PBXShellScriptBuildPhase;
			buildActionMask = 2147483647;
			files = (
			);
			inputPaths = (
			);
			name = "[CP] Check Pods Manifest.lock";
			outputPaths = (
			);
			runOnlyForDeploymentPostprocessing = 0;
			shellPath = /bin/sh;
			shellScript = "diff \"${PODS_ROOT}/../Podfile.lock\" \"${PODS_ROOT}/Manifest.lock\" > /dev/null\nif [[ $? != 0 ]] ; then\n    cat << EOM\nerror: The sandbox is not in sync with the Podfile.lock. Run 'pod install' or update your CocoaPods installation.\nEOM\n    exit 1\nfi\n";
			showEnvVarsInLog = 0;
		};
		3F302E39622990C866090113 /* [CP] Check Pods Manifest.lock */ = {
			isa = PBXShellScriptBuildPhase;
			buildActionMask = 2147483647;
			files = (
			);
			inputPaths = (
			);
			name = "[CP] Check Pods Manifest.lock";
			outputPaths = (
			);
			runOnlyForDeploymentPostprocessing = 0;
			shellPath = /bin/sh;
			shellScript = "diff \"${PODS_ROOT}/../Podfile.lock\" \"${PODS_ROOT}/Manifest.lock\" > /dev/null\nif [[ $? != 0 ]] ; then\n    cat << EOM\nerror: The sandbox is not in sync with the Podfile.lock. Run 'pod install' or update your CocoaPods installation.\nEOM\n    exit 1\nfi\n";
			showEnvVarsInLog = 0;
		};
		45DE79CE16C54CA46A8FFA10 /* [CP] Copy Pods Resources */ = {
			isa = PBXShellScriptBuildPhase;
			buildActionMask = 2147483647;
			files = (
			);
			inputPaths = (
			);
			name = "[CP] Copy Pods Resources";
			outputPaths = (
			);
			runOnlyForDeploymentPostprocessing = 0;
			shellPath = /bin/sh;
			shellScript = "\"${SRCROOT}/Pods/Target Support Files/Pods-TrippleTests/Pods-TrippleTests-resources.sh\"\n";
			showEnvVarsInLog = 0;
		};
		4E741B46E4D3472EFC317BD2 /* [CP] Copy Pods Resources */ = {
			isa = PBXShellScriptBuildPhase;
			buildActionMask = 2147483647;
			files = (
			);
			inputPaths = (
			);
			name = "[CP] Copy Pods Resources";
			outputPaths = (
			);
			runOnlyForDeploymentPostprocessing = 0;
			shellPath = /bin/sh;
			shellScript = "\"${SRCROOT}/Pods/Target Support Files/Pods-Tripple/Pods-Tripple-resources.sh\"\n";
			showEnvVarsInLog = 0;
		};
		63F4D3035ECDED6B047A5A56 /* [CP] Embed Pods Frameworks */ = {
			isa = PBXShellScriptBuildPhase;
			buildActionMask = 2147483647;
			files = (
			);
			inputPaths = (
			);
			name = "[CP] Embed Pods Frameworks";
			outputPaths = (
			);
			runOnlyForDeploymentPostprocessing = 0;
			shellPath = /bin/sh;
			shellScript = "\"${SRCROOT}/Pods/Target Support Files/Pods-TrippleTests/Pods-TrippleTests-frameworks.sh\"\n";
			showEnvVarsInLog = 0;
		};
		8127B7BA2CF3FFD0769F4807 /* [CP] Check Pods Manifest.lock */ = {
			isa = PBXShellScriptBuildPhase;
			buildActionMask = 2147483647;
			files = (
			);
			inputPaths = (
			);
			name = "[CP] Check Pods Manifest.lock";
			outputPaths = (
			);
			runOnlyForDeploymentPostprocessing = 0;
			shellPath = /bin/sh;
			shellScript = "diff \"${PODS_ROOT}/../Podfile.lock\" \"${PODS_ROOT}/Manifest.lock\" > /dev/null\nif [[ $? != 0 ]] ; then\n    cat << EOM\nerror: The sandbox is not in sync with the Podfile.lock. Run 'pod install' or update your CocoaPods installation.\nEOM\n    exit 1\nfi\n";
			showEnvVarsInLog = 0;
		};
		9460B1A97B2A03CF09B72464 /* [CP] Copy Pods Resources */ = {
			isa = PBXShellScriptBuildPhase;
			buildActionMask = 2147483647;
			files = (
			);
			inputPaths = (
			);
			name = "[CP] Copy Pods Resources";
			outputPaths = (
			);
			runOnlyForDeploymentPostprocessing = 0;
			shellPath = /bin/sh;
			shellScript = "\"${SRCROOT}/Pods/Target Support Files/Pods-TrippleUITests/Pods-TrippleUITests-resources.sh\"\n";
			showEnvVarsInLog = 0;
		};
/* End PBXShellScriptBuildPhase section */

/* Begin PBXSourcesBuildPhase section */
		8BD527821D3C2CA1004F100E /* Sources */ = {
			isa = PBXSourcesBuildPhase;
			buildActionMask = 2147483647;
			files = (
				8BBB46051D515E1C0028099A /* AccountViewController.swift in Sources */,
				8BD527BA1D3C3CE8004F100E /* Models.swift in Sources */,
				8BD5278E1D3C2CA1004F100E /* PinMapViewController.swift in Sources */,
				8B85919F1D4EFEDF00BC6EBD /* PinViewController.swift in Sources */,
				8BDC18071D3F07BE00D3E305 /* WaypointAnnotationView.swift in Sources */,
				8BD5278A1D3C2CA1004F100E /* AppDelegate.swift in Sources */,
				8BD5278C1D3C2CA1004F100E /* CreatePinViewController.swift in Sources */,
				8B8D6E451D4D99090064819C /* PinListViewController.swift in Sources */,
				8B8591BB1D50A37000BC6EBD /* SignInViewController.swift in Sources */,
				8BDC180D1D3F21C900D3E305 /* WaypointAnnotation.swift in Sources */,
			);
			runOnlyForDeploymentPostprocessing = 0;
		};
		8BD527981D3C2CA1004F100E /* Sources */ = {
			isa = PBXSourcesBuildPhase;
			buildActionMask = 2147483647;
			files = (
				8BD527A11D3C2CA1004F100E /* TrippleTests.swift in Sources */,
			);
			runOnlyForDeploymentPostprocessing = 0;
		};
		8BD527A31D3C2CA1004F100E /* Sources */ = {
			isa = PBXSourcesBuildPhase;
			buildActionMask = 2147483647;
			files = (
				8BD527AC1D3C2CA1004F100E /* TrippleUITests.swift in Sources */,
			);
			runOnlyForDeploymentPostprocessing = 0;
		};
/* End PBXSourcesBuildPhase section */

/* Begin PBXTargetDependency section */
		8BD5279E1D3C2CA1004F100E /* PBXTargetDependency */ = {
			isa = PBXTargetDependency;
			target = 8BD527851D3C2CA1004F100E /* Tripple */;
			targetProxy = 8BD5279D1D3C2CA1004F100E /* PBXContainerItemProxy */;
		};
		8BD527A91D3C2CA1004F100E /* PBXTargetDependency */ = {
			isa = PBXTargetDependency;
			target = 8BD527851D3C2CA1004F100E /* Tripple */;
			targetProxy = 8BD527A81D3C2CA1004F100E /* PBXContainerItemProxy */;
		};
/* End PBXTargetDependency section */

/* Begin PBXVariantGroup section */
		8BD5278F1D3C2CA1004F100E /* Main.storyboard */ = {
			isa = PBXVariantGroup;
			children = (
				8BD527901D3C2CA1004F100E /* Base */,
			);
			name = Main.storyboard;
			sourceTree = "<group>";
		};
		8BD527941D3C2CA1004F100E /* LaunchScreen.storyboard */ = {
			isa = PBXVariantGroup;
			children = (
				8BD527951D3C2CA1004F100E /* Base */,
			);
			name = LaunchScreen.storyboard;
			sourceTree = "<group>";
		};
/* End PBXVariantGroup section */

/* Begin XCBuildConfiguration section */
		8BD527AE1D3C2CA1004F100E /* Debug */ = {
			isa = XCBuildConfiguration;
			buildSettings = {
				ALWAYS_SEARCH_USER_PATHS = NO;
				CLANG_ANALYZER_NONNULL = YES;
				CLANG_CXX_LANGUAGE_STANDARD = "gnu++0x";
				CLANG_CXX_LIBRARY = "libc++";
				CLANG_ENABLE_MODULES = YES;
				CLANG_ENABLE_OBJC_ARC = YES;
				CLANG_WARN_BOOL_CONVERSION = YES;
				CLANG_WARN_CONSTANT_CONVERSION = YES;
				CLANG_WARN_DIRECT_OBJC_ISA_USAGE = YES_ERROR;
				CLANG_WARN_EMPTY_BODY = YES;
				CLANG_WARN_ENUM_CONVERSION = YES;
				CLANG_WARN_INT_CONVERSION = YES;
				CLANG_WARN_OBJC_ROOT_CLASS = YES_ERROR;
				CLANG_WARN_UNREACHABLE_CODE = YES;
				CLANG_WARN__DUPLICATE_METHOD_MATCH = YES;
				"CODE_SIGN_IDENTITY[sdk=iphoneos*]" = "iPhone Developer";
				COPY_PHASE_STRIP = NO;
				DEBUG_INFORMATION_FORMAT = dwarf;
				ENABLE_STRICT_OBJC_MSGSEND = YES;
				ENABLE_TESTABILITY = YES;
				GCC_C_LANGUAGE_STANDARD = gnu99;
				GCC_DYNAMIC_NO_PIC = NO;
				GCC_NO_COMMON_BLOCKS = YES;
				GCC_OPTIMIZATION_LEVEL = 0;
				GCC_PREPROCESSOR_DEFINITIONS = (
					"DEBUG=1",
					"$(inherited)",
				);
				GCC_WARN_64_TO_32_BIT_CONVERSION = YES;
				GCC_WARN_ABOUT_RETURN_TYPE = YES_ERROR;
				GCC_WARN_UNDECLARED_SELECTOR = YES;
				GCC_WARN_UNINITIALIZED_AUTOS = YES_AGGRESSIVE;
				GCC_WARN_UNUSED_FUNCTION = YES;
				GCC_WARN_UNUSED_VARIABLE = YES;
				IPHONEOS_DEPLOYMENT_TARGET = 9.3;
				MTL_ENABLE_DEBUG_INFO = YES;
				ONLY_ACTIVE_ARCH = YES;
				SDKROOT = iphoneos;
				SWIFT_OPTIMIZATION_LEVEL = "-Onone";
				TARGETED_DEVICE_FAMILY = "1,2";
			};
			name = Debug;
		};
		8BD527AF1D3C2CA1004F100E /* Release */ = {
			isa = XCBuildConfiguration;
			buildSettings = {
				ALWAYS_SEARCH_USER_PATHS = NO;
				CLANG_ANALYZER_NONNULL = YES;
				CLANG_CXX_LANGUAGE_STANDARD = "gnu++0x";
				CLANG_CXX_LIBRARY = "libc++";
				CLANG_ENABLE_MODULES = YES;
				CLANG_ENABLE_OBJC_ARC = YES;
				CLANG_WARN_BOOL_CONVERSION = YES;
				CLANG_WARN_CONSTANT_CONVERSION = YES;
				CLANG_WARN_DIRECT_OBJC_ISA_USAGE = YES_ERROR;
				CLANG_WARN_EMPTY_BODY = YES;
				CLANG_WARN_ENUM_CONVERSION = YES;
				CLANG_WARN_INT_CONVERSION = YES;
				CLANG_WARN_OBJC_ROOT_CLASS = YES_ERROR;
				CLANG_WARN_UNREACHABLE_CODE = YES;
				CLANG_WARN__DUPLICATE_METHOD_MATCH = YES;
				"CODE_SIGN_IDENTITY[sdk=iphoneos*]" = "iPhone Developer";
				COPY_PHASE_STRIP = NO;
				DEBUG_INFORMATION_FORMAT = "dwarf-with-dsym";
				ENABLE_NS_ASSERTIONS = NO;
				ENABLE_STRICT_OBJC_MSGSEND = YES;
				GCC_C_LANGUAGE_STANDARD = gnu99;
				GCC_NO_COMMON_BLOCKS = YES;
				GCC_WARN_64_TO_32_BIT_CONVERSION = YES;
				GCC_WARN_ABOUT_RETURN_TYPE = YES_ERROR;
				GCC_WARN_UNDECLARED_SELECTOR = YES;
				GCC_WARN_UNINITIALIZED_AUTOS = YES_AGGRESSIVE;
				GCC_WARN_UNUSED_FUNCTION = YES;
				GCC_WARN_UNUSED_VARIABLE = YES;
				IPHONEOS_DEPLOYMENT_TARGET = 9.3;
				MTL_ENABLE_DEBUG_INFO = NO;
				SDKROOT = iphoneos;
				TARGETED_DEVICE_FAMILY = "1,2";
				VALIDATE_PRODUCT = YES;
			};
			name = Release;
		};
		8BD527B11D3C2CA1004F100E /* Debug */ = {
			isa = XCBuildConfiguration;
			baseConfigurationReference = 5F07A78EB7AEBF3B76F49329 /* Pods-Tripple.debug.xcconfig */;
			buildSettings = {
				ASSETCATALOG_COMPILER_APPICON_NAME = AppIcon;
				ASSETCATALOG_COMPILER_LAUNCHIMAGE_NAME = LaunchImage;
				CLANG_ENABLE_MODULES = YES;
				CODE_SIGN_IDENTITY = "iPhone Developer";
				"CODE_SIGN_IDENTITY[sdk=iphoneos*]" = "iPhone Developer";
				FRAMEWORK_SEARCH_PATHS = (
					"$(inherited)",
					"$(PROJECT_DIR)/Tripple",
					"$(PROJECT_DIR)/Pods/FirebaseDatabase/Frameworks",
					"$(PROJECT_DIR)/Pods/FirebaseAnalytics/Frameworks/frameworks",
				);
				GOOGLE_SERVICES_FILE = "GoogleService-Info-Dev";
				HEADER_SEARCH_PATHS = (
					"$(inherited)",
					"${PODS_ROOT}/Firebase/Analytics/Sources",
					"\"${PODS_ROOT}/Headers/Public\"",
					"\"${PODS_ROOT}/Headers/Public/Firebase\"",
					"\"${PODS_ROOT}/Headers/Public/FirebaseAnalytics\"",
					"\"${PODS_ROOT}/Headers/Public/FirebaseAuth\"",
					"\"${PODS_ROOT}/Headers/Public/FirebaseCrash\"",
					"\"${PODS_ROOT}/Headers/Public/FirebaseDatabase\"",
					"\"${PODS_ROOT}/Headers/Public/FirebaseInstanceID\"",
					"\"${PODS_ROOT}/Headers/Public/Google-Mobile-Ads-SDK\"",
					"\"${PODS_ROOT}/Headers/Public/GoogleInterchangeUtilities\"",
					"\"${PODS_ROOT}/Headers/Public/GoogleNetworkingUtilities\"",
					"\"${PODS_ROOT}/Headers/Public/GoogleParsingUtilities\"",
					"\"${PODS_ROOT}/Headers/Public/GoogleSymbolUtilities\"",
					"\"${PODS_ROOT}/Headers/Public/GoogleUtilities\"",
					"$(SRCROOT)/**",
				);
				INFOPLIST_FILE = Tripple/Info.plist;
				IPHONEOS_DEPLOYMENT_TARGET = 9.3;
				LD_RUNPATH_SEARCH_PATHS = "$(inherited) @executable_path/Frameworks";
				OTHER_LDFLAGS = "$(inherited)";
				PRODUCT_BUNDLE_IDENTIFIER = com.jwitapps.Tripple;
				PRODUCT_NAME = "$(TARGET_NAME)";
				PROVISIONING_PROFILE = "";
				SWIFT_OBJC_BRIDGING_HEADER = "Tripple/Tripple-Bridging-Header.h";
				SWIFT_OPTIMIZATION_LEVEL = "-Onone";
			};
			name = Debug;
		};
		8BD527B21D3C2CA1004F100E /* Release */ = {
			isa = XCBuildConfiguration;
			baseConfigurationReference = F65A6951822DB4210345B63B /* Pods-Tripple.release.xcconfig */;
			buildSettings = {
				ASSETCATALOG_COMPILER_APPICON_NAME = AppIcon;
				ASSETCATALOG_COMPILER_LAUNCHIMAGE_NAME = LaunchImage;
				CLANG_ENABLE_MODULES = YES;
				CODE_SIGN_IDENTITY = "iPhone Developer";
				"CODE_SIGN_IDENTITY[sdk=iphoneos*]" = "iPhone Developer";
				FRAMEWORK_SEARCH_PATHS = (
					"$(inherited)",
					"$(PROJECT_DIR)/Tripple",
					"$(PROJECT_DIR)/Pods/FirebaseDatabase/Frameworks",
					"$(PROJECT_DIR)/Pods/FirebaseAnalytics/Frameworks/frameworks",
				);
				GOOGLE_SERVICES_FILE = "GoogleService-Info";
				HEADER_SEARCH_PATHS = (
					"$(inherited)",
					"${PODS_ROOT}/Firebase/Analytics/Sources",
					"\"${PODS_ROOT}/Headers/Public\"",
					"\"${PODS_ROOT}/Headers/Public/Firebase\"",
					"\"${PODS_ROOT}/Headers/Public/FirebaseAnalytics\"",
					"\"${PODS_ROOT}/Headers/Public/FirebaseAuth\"",
					"\"${PODS_ROOT}/Headers/Public/FirebaseCrash\"",
					"\"${PODS_ROOT}/Headers/Public/FirebaseDatabase\"",
					"\"${PODS_ROOT}/Headers/Public/FirebaseInstanceID\"",
					"\"${PODS_ROOT}/Headers/Public/Google-Mobile-Ads-SDK\"",
					"\"${PODS_ROOT}/Headers/Public/GoogleInterchangeUtilities\"",
					"\"${PODS_ROOT}/Headers/Public/GoogleNetworkingUtilities\"",
					"\"${PODS_ROOT}/Headers/Public/GoogleParsingUtilities\"",
					"\"${PODS_ROOT}/Headers/Public/GoogleSymbolUtilities\"",
					"\"${PODS_ROOT}/Headers/Public/GoogleUtilities\"",
					"$(SRCROOT)/**",
				);
				INFOPLIST_FILE = Tripple/Info.plist;
				IPHONEOS_DEPLOYMENT_TARGET = 9.3;
				LD_RUNPATH_SEARCH_PATHS = "$(inherited) @executable_path/Frameworks";
				OTHER_LDFLAGS = "$(inherited)";
				PRODUCT_BUNDLE_IDENTIFIER = com.jwitapps.Tripple;
				PRODUCT_NAME = "$(TARGET_NAME)";
				PROVISIONING_PROFILE = "";
				SWIFT_OBJC_BRIDGING_HEADER = "Tripple/Tripple-Bridging-Header.h";
			};
			name = Release;
		};
		8BD527B41D3C2CA1004F100E /* Debug */ = {
			isa = XCBuildConfiguration;
			baseConfigurationReference = 99BB4CB7955EF008426F5CEE /* Pods-TrippleTests.debug.xcconfig */;
			buildSettings = {
				BUNDLE_LOADER = "$(TEST_HOST)";
				INFOPLIST_FILE = TrippleTests/Info.plist;
				LD_RUNPATH_SEARCH_PATHS = "$(inherited) @executable_path/Frameworks @loader_path/Frameworks";
				PRODUCT_BUNDLE_IDENTIFIER = com.jwitapps.TrippleTests;
				PRODUCT_NAME = "$(TARGET_NAME)";
				TEST_HOST = "$(BUILT_PRODUCTS_DIR)/Tripple.app/Tripple";
			};
			name = Debug;
		};
		8BD527B51D3C2CA1004F100E /* Release */ = {
			isa = XCBuildConfiguration;
			baseConfigurationReference = 635B8E04222BB6593B38BDA8 /* Pods-TrippleTests.release.xcconfig */;
			buildSettings = {
				BUNDLE_LOADER = "$(TEST_HOST)";
				INFOPLIST_FILE = TrippleTests/Info.plist;
				LD_RUNPATH_SEARCH_PATHS = "$(inherited) @executable_path/Frameworks @loader_path/Frameworks";
				PRODUCT_BUNDLE_IDENTIFIER = com.jwitapps.TrippleTests;
				PRODUCT_NAME = "$(TARGET_NAME)";
				TEST_HOST = "$(BUILT_PRODUCTS_DIR)/Tripple.app/Tripple";
			};
			name = Release;
		};
		8BD527B71D3C2CA1004F100E /* Debug */ = {
			isa = XCBuildConfiguration;
			baseConfigurationReference = A653322F5F6A8769B60CB6A0 /* Pods-TrippleUITests.debug.xcconfig */;
			buildSettings = {
				INFOPLIST_FILE = TrippleUITests/Info.plist;
				LD_RUNPATH_SEARCH_PATHS = "$(inherited) @executable_path/Frameworks @loader_path/Frameworks";
				PRODUCT_BUNDLE_IDENTIFIER = com.jwitapps.TrippleUITests;
				PRODUCT_NAME = "$(TARGET_NAME)";
				TEST_TARGET_NAME = Tripple;
			};
			name = Debug;
		};
		8BD527B81D3C2CA1004F100E /* Release */ = {
			isa = XCBuildConfiguration;
			baseConfigurationReference = DBCC576203283ECF46BB2F96 /* Pods-TrippleUITests.release.xcconfig */;
			buildSettings = {
				INFOPLIST_FILE = TrippleUITests/Info.plist;
				LD_RUNPATH_SEARCH_PATHS = "$(inherited) @executable_path/Frameworks @loader_path/Frameworks";
				PRODUCT_BUNDLE_IDENTIFIER = com.jwitapps.TrippleUITests;
				PRODUCT_NAME = "$(TARGET_NAME)";
				TEST_TARGET_NAME = Tripple;
			};
			name = Release;
		};
/* End XCBuildConfiguration section */

/* Begin XCConfigurationList section */
		8BD527811D3C2CA1004F100E /* Build configuration list for PBXProject "Tripple" */ = {
			isa = XCConfigurationList;
			buildConfigurations = (
				8BD527AE1D3C2CA1004F100E /* Debug */,
				8BD527AF1D3C2CA1004F100E /* Release */,
			);
			defaultConfigurationIsVisible = 0;
			defaultConfigurationName = Release;
		};
		8BD527B01D3C2CA1004F100E /* Build configuration list for PBXNativeTarget "Tripple" */ = {
			isa = XCConfigurationList;
			buildConfigurations = (
				8BD527B11D3C2CA1004F100E /* Debug */,
				8BD527B21D3C2CA1004F100E /* Release */,
			);
			defaultConfigurationIsVisible = 0;
			defaultConfigurationName = Release;
		};
		8BD527B31D3C2CA1004F100E /* Build configuration list for PBXNativeTarget "TrippleTests" */ = {
			isa = XCConfigurationList;
			buildConfigurations = (
				8BD527B41D3C2CA1004F100E /* Debug */,
				8BD527B51D3C2CA1004F100E /* Release */,
			);
			defaultConfigurationIsVisible = 0;
			defaultConfigurationName = Release;
		};
		8BD527B61D3C2CA1004F100E /* Build configuration list for PBXNativeTarget "TrippleUITests" */ = {
			isa = XCConfigurationList;
			buildConfigurations = (
				8BD527B71D3C2CA1004F100E /* Debug */,
				8BD527B81D3C2CA1004F100E /* Release */,
			);
			defaultConfigurationIsVisible = 0;
			defaultConfigurationName = Release;
		};
/* End XCConfigurationList section */
	};
	rootObject = 8BD5277E1D3C2CA1004F100E /* Project object */;
}
