// !$*UTF8*$!
{
	archiveVersion = 1;
	classes = {
	};
	objectVersion = 46;
	objects = {

/* Begin PBXBuildFile section */
		8B11864A1D420D28000E7D6B /* mapPin@3x.png in Resources */ = {isa = PBXBuildFile; fileRef = 8B1186471D420D28000E7D6B /* mapPin@3x.png */; };
		8B11864B1D420D28000E7D6B /* mapPin@2x.png in Resources */ = {isa = PBXBuildFile; fileRef = 8B1186481D420D28000E7D6B /* mapPin@2x.png */; };
		8B11864C1D420D28000E7D6B /* mapPin.png in Resources */ = {isa = PBXBuildFile; fileRef = 8B1186491D420D28000E7D6B /* mapPin.png */; };
		8B37FD5D1D4C2C4100073E67 /* AWSCore.framework in Frameworks */ = {isa = PBXBuildFile; fileRef = 8B37FD501D4C2C4100073E67 /* AWSCore.framework */; };
		8B37FD5E1D4C2C4100073E67 /* AWSLambda.framework in Frameworks */ = {isa = PBXBuildFile; fileRef = 8B37FD511D4C2C4100073E67 /* AWSLambda.framework */; };
		8B37FD5F1D4C2C4100073E67 /* AWSMobileAnalytics.framework in Frameworks */ = {isa = PBXBuildFile; fileRef = 8B37FD521D4C2C4100073E67 /* AWSMobileAnalytics.framework */; };
		8B37FD601D4C2C4100073E67 /* Amazon_Software_License.txt in Resources */ = {isa = PBXBuildFile; fileRef = 8B37FD541D4C2C4100073E67 /* Amazon_Software_License.txt */; };
		8B37FD611D4C2C4100073E67 /* NOTICE in Resources */ = {isa = PBXBuildFile; fileRef = 8B37FD551D4C2C4100073E67 /* NOTICE */; };
		8B37FD621D4C2C4100073E67 /* CheckXcodeVersion.sh in Resources */ = {isa = PBXBuildFile; fileRef = 8B37FD561D4C2C4100073E67 /* CheckXcodeVersion.sh */; };
		8B37FD631D4C2C4100073E67 /* GoogleAppUtilities.framework in Frameworks */ = {isa = PBXBuildFile; fileRef = 8B37FD581D4C2C4100073E67 /* GoogleAppUtilities.framework */; };
		8B37FD641D4C2C4100073E67 /* GoogleAuthUtilities.framework in Frameworks */ = {isa = PBXBuildFile; fileRef = 8B37FD591D4C2C4100073E67 /* GoogleAuthUtilities.framework */; };
		8B37FD651D4C2C4100073E67 /* GoogleNetworkingUtilities.framework in Frameworks */ = {isa = PBXBuildFile; fileRef = 8B37FD5A1D4C2C4100073E67 /* GoogleNetworkingUtilities.framework */; };
		8B37FD661D4C2C4100073E67 /* GoogleSymbolUtilities.framework in Frameworks */ = {isa = PBXBuildFile; fileRef = 8B37FD5B1D4C2C4100073E67 /* GoogleSymbolUtilities.framework */; };
		8B37FD671D4C2C4100073E67 /* GoogleUtilities.framework in Frameworks */ = {isa = PBXBuildFile; fileRef = 8B37FD5C1D4C2C4100073E67 /* GoogleUtilities.framework */; };
		8B37FD681D4C2C8100073E67 /* AWSCore.framework in Frameworks */ = {isa = PBXBuildFile; fileRef = 8B37FD501D4C2C4100073E67 /* AWSCore.framework */; };
		8B37FD691D4C2C8100073E67 /* AWSCore.framework in Embed Frameworks */ = {isa = PBXBuildFile; fileRef = 8B37FD501D4C2C4100073E67 /* AWSCore.framework */; settings = {ATTRIBUTES = (CodeSignOnCopy, RemoveHeadersOnCopy, ); }; };
		8B37FD6A1D4C2C8100073E67 /* AWSLambda.framework in Frameworks */ = {isa = PBXBuildFile; fileRef = 8B37FD511D4C2C4100073E67 /* AWSLambda.framework */; };
		8B37FD6B1D4C2C8100073E67 /* AWSLambda.framework in Embed Frameworks */ = {isa = PBXBuildFile; fileRef = 8B37FD511D4C2C4100073E67 /* AWSLambda.framework */; settings = {ATTRIBUTES = (CodeSignOnCopy, RemoveHeadersOnCopy, ); }; };
		8B37FD6C1D4C2C8100073E67 /* AWSMobileAnalytics.framework in Frameworks */ = {isa = PBXBuildFile; fileRef = 8B37FD521D4C2C4100073E67 /* AWSMobileAnalytics.framework */; };
		8B37FD6D1D4C2C8100073E67 /* AWSMobileAnalytics.framework in Embed Frameworks */ = {isa = PBXBuildFile; fileRef = 8B37FD521D4C2C4100073E67 /* AWSMobileAnalytics.framework */; settings = {ATTRIBUTES = (CodeSignOnCopy, RemoveHeadersOnCopy, ); }; };
		8B37FD731D4C2CE900073E67 /* AWSMobileClient.swift in Sources */ = {isa = PBXBuildFile; fileRef = 8B37FD711D4C2CE900073E67 /* AWSMobileClient.swift */; };
		8B37FD741D4C2CE900073E67 /* AWSMobileHubHelper.framework in Frameworks */ = {isa = PBXBuildFile; fileRef = 8B37FD721D4C2CE900073E67 /* AWSMobileHubHelper.framework */; };
		8B37FD781D4C2D5200073E67 /* libsqlite3.tbd in Frameworks */ = {isa = PBXBuildFile; fileRef = 8B37FD771D4C2D5200073E67 /* libsqlite3.tbd */; };
		8B37FD7A1D4C2D5B00073E67 /* libz.tbd in Frameworks */ = {isa = PBXBuildFile; fileRef = 8B37FD791D4C2D5B00073E67 /* libz.tbd */; };
		8B37FD7C1D4C301F00073E67 /* AWSDynamoDB.framework in Frameworks */ = {isa = PBXBuildFile; fileRef = 8B37FD7B1D4C301F00073E67 /* AWSDynamoDB.framework */; };
		8B37FD861D4C32B300073E67 /* NoSQLModelHelpers.swift in Sources */ = {isa = PBXBuildFile; fileRef = 8B37FD7E1D4C32B300073E67 /* NoSQLModelHelpers.swift */; };
		8B37FD871D4C32B300073E67 /* NoSQLQueryResultViewController.swift in Sources */ = {isa = PBXBuildFile; fileRef = 8B37FD7F1D4C32B300073E67 /* NoSQLQueryResultViewController.swift */; };
		8B37FD881D4C32B300073E67 /* NoSQLSampleDataGenerator.swift in Sources */ = {isa = PBXBuildFile; fileRef = 8B37FD801D4C32B300073E67 /* NoSQLSampleDataGenerator.swift */; };
		8B37FD891D4C32B300073E67 /* NoSQLTableFactory.swift in Sources */ = {isa = PBXBuildFile; fileRef = 8B37FD811D4C32B300073E67 /* NoSQLTableFactory.swift */; };
		8B37FD8A1D4C32B300073E67 /* NoSQLTableListViewController.swift in Sources */ = {isa = PBXBuildFile; fileRef = 8B37FD821D4C32B300073E67 /* NoSQLTableListViewController.swift */; };
		8B37FD8B1D4C32B300073E67 /* NoSQLTableViewController.swift in Sources */ = {isa = PBXBuildFile; fileRef = 8B37FD831D4C32B300073E67 /* NoSQLTableViewController.swift */; };
		8B37FD921D4C37EE00073E67 /* Pin.swift in Sources */ = {isa = PBXBuildFile; fileRef = 8B37FD901D4C37EE00073E67 /* Pin.swift */; };
		8B37FD931D4C37EE00073E67 /* Waypoint.swift in Sources */ = {isa = PBXBuildFile; fileRef = 8B37FD911D4C37EE00073E67 /* Waypoint.swift */; };
		8B37FD941D4C464400073E67 /* AWSDynamoDB.framework in Frameworks */ = {isa = PBXBuildFile; fileRef = 8B37FD7B1D4C301F00073E67 /* AWSDynamoDB.framework */; };
		8B37FD951D4C464400073E67 /* AWSDynamoDB.framework in Embed Frameworks */ = {isa = PBXBuildFile; fileRef = 8B37FD7B1D4C301F00073E67 /* AWSDynamoDB.framework */; settings = {ATTRIBUTES = (CodeSignOnCopy, RemoveHeadersOnCopy, ); }; };
		8B37FD971D4C54F400073E67 /* Info.plist in Resources */ = {isa = PBXBuildFile; fileRef = 8B37FD961D4C54F400073E67 /* Info.plist */; };
		8B4AF3E61D51D41300789047 /* icon1024.png in Resources */ = {isa = PBXBuildFile; fileRef = 8B4AF3E31D51D41300789047 /* icon1024.png */; };
		8B4AF3E71D51D41300789047 /* icon180.png in Resources */ = {isa = PBXBuildFile; fileRef = 8B4AF3E41D51D41300789047 /* icon180.png */; };
		8B4AF3E81D51D41300789047 /* icon120.png in Resources */ = {isa = PBXBuildFile; fileRef = 8B4AF3E51D51D41300789047 /* icon120.png */; };
		8B8591971D4E980600BC6EBD /* Realm.framework in Frameworks */ = {isa = PBXBuildFile; fileRef = 8B8591951D4E980600BC6EBD /* Realm.framework */; };
		8B8591981D4E980600BC6EBD /* RealmSwift.framework in Frameworks */ = {isa = PBXBuildFile; fileRef = 8B8591961D4E980600BC6EBD /* RealmSwift.framework */; };
		8B8591991D4E981200BC6EBD /* Realm.framework in Frameworks */ = {isa = PBXBuildFile; fileRef = 8B8591951D4E980600BC6EBD /* Realm.framework */; };
		8B85919A1D4E981200BC6EBD /* Realm.framework in Embed Frameworks */ = {isa = PBXBuildFile; fileRef = 8B8591951D4E980600BC6EBD /* Realm.framework */; settings = {ATTRIBUTES = (CodeSignOnCopy, RemoveHeadersOnCopy, ); }; };
		8B85919B1D4E981200BC6EBD /* RealmSwift.framework in Frameworks */ = {isa = PBXBuildFile; fileRef = 8B8591961D4E980600BC6EBD /* RealmSwift.framework */; };
		8B85919C1D4E981200BC6EBD /* RealmSwift.framework in Embed Frameworks */ = {isa = PBXBuildFile; fileRef = 8B8591961D4E980600BC6EBD /* RealmSwift.framework */; settings = {ATTRIBUTES = (CodeSignOnCopy, RemoveHeadersOnCopy, ); }; };
		8B85919D1D4EB7FF00BC6EBD /* PinTable.swift in Sources */ = {isa = PBXBuildFile; fileRef = 8B37FD851D4C32B300073E67 /* PinTable.swift */; };
		8B85919F1D4EFEDF00BC6EBD /* PinViewController.swift in Sources */ = {isa = PBXBuildFile; fileRef = 8B85919E1D4EFEDF00BC6EBD /* PinViewController.swift */; };
		8B8591A11D4FF46500BC6EBD /* PinStatus.swift in Sources */ = {isa = PBXBuildFile; fileRef = 8B8591A01D4FF46500BC6EBD /* PinStatus.swift */; };
		8B8591A31D500BC900BC6EBD /* CacheTransaction.swift in Sources */ = {isa = PBXBuildFile; fileRef = 8B8591A21D500BC900BC6EBD /* CacheTransaction.swift */; };
		8B8591A61D50907000BC6EBD /* GoogleSignIn.bundle in Resources */ = {isa = PBXBuildFile; fileRef = 8B8591A41D50907000BC6EBD /* GoogleSignIn.bundle */; };
		8B8591A71D50907000BC6EBD /* GoogleSignIn.framework in Frameworks */ = {isa = PBXBuildFile; fileRef = 8B8591A51D50907000BC6EBD /* GoogleSignIn.framework */; };
		8B8591B51D509DA300BC6EBD /* FBSDKCoreKit.framework in Frameworks */ = {isa = PBXBuildFile; fileRef = 8B8591B21D509DA300BC6EBD /* FBSDKCoreKit.framework */; };
		8B8591B61D509DA300BC6EBD /* FBSDKLoginKit.framework in Frameworks */ = {isa = PBXBuildFile; fileRef = 8B8591B31D509DA300BC6EBD /* FBSDKLoginKit.framework */; };
		8B8591B71D509DA300BC6EBD /* FBSDKShareKit.framework in Frameworks */ = {isa = PBXBuildFile; fileRef = 8B8591B41D509DA300BC6EBD /* FBSDKShareKit.framework */; };
		8B8591B91D50A01D00BC6EBD /* Bolts.framework in Frameworks */ = {isa = PBXBuildFile; fileRef = 8B8591B81D50A01D00BC6EBD /* Bolts.framework */; };
		8B8591BB1D50A37000BC6EBD /* SignInViewController.swift in Sources */ = {isa = PBXBuildFile; fileRef = 8B8591BA1D50A37000BC6EBD /* SignInViewController.swift */; };
		8B8591BD1D50A75200BC6EBD /* FacebookButton.png in Resources */ = {isa = PBXBuildFile; fileRef = 8B8591BC1D50A75200BC6EBD /* FacebookButton.png */; };
		8B874C441D4D6B0700AEF8A1 /* Pickup.swift in Sources */ = {isa = PBXBuildFile; fileRef = 8B874C431D4D6B0700AEF8A1 /* Pickup.swift */; };
		8B874C461D4D7BD600AEF8A1 /* GoogleMobileAds.framework in Frameworks */ = {isa = PBXBuildFile; fileRef = 8B874C451D4D7BD600AEF8A1 /* GoogleMobileAds.framework */; };
		8B8D6E451D4D99090064819C /* PinListViewController.swift in Sources */ = {isa = PBXBuildFile; fileRef = 8B8D6E441D4D99090064819C /* PinListViewController.swift */; };
		8B8D6E4B1D4D9BB30064819C /* Syncer.swift in Sources */ = {isa = PBXBuildFile; fileRef = 8B8D6E4A1D4D9BB30064819C /* Syncer.swift */; };
		8B94B7741D51DA5B009CB821 /* canvas55.png in Resources */ = {isa = PBXBuildFile; fileRef = 8B94B7721D51DA5B009CB821 /* canvas55.png */; };
		8B94B7751D51DA5B009CB821 /* canvas47.png in Resources */ = {isa = PBXBuildFile; fileRef = 8B94B7731D51DA5B009CB821 /* canvas47.png */; };
		8BBB46051D515E1C0028099A /* AccountViewController.swift in Sources */ = {isa = PBXBuildFile; fileRef = 8BBB46041D515E1C0028099A /* AccountViewController.swift */; };
		8BD5278A1D3C2CA1004F100E /* AppDelegate.swift in Sources */ = {isa = PBXBuildFile; fileRef = 8BD527891D3C2CA1004F100E /* AppDelegate.swift */; };
		8BD5278C1D3C2CA1004F100E /* CreatePinViewController.swift in Sources */ = {isa = PBXBuildFile; fileRef = 8BD5278B1D3C2CA1004F100E /* CreatePinViewController.swift */; };
		8BD5278E1D3C2CA1004F100E /* PinMapViewController.swift in Sources */ = {isa = PBXBuildFile; fileRef = 8BD5278D1D3C2CA1004F100E /* PinMapViewController.swift */; };
		8BD527911D3C2CA1004F100E /* Main.storyboard in Resources */ = {isa = PBXBuildFile; fileRef = 8BD5278F1D3C2CA1004F100E /* Main.storyboard */; };
		8BD527931D3C2CA1004F100E /* Assets.xcassets in Resources */ = {isa = PBXBuildFile; fileRef = 8BD527921D3C2CA1004F100E /* Assets.xcassets */; };
		8BD527A11D3C2CA1004F100E /* TrippleTests.swift in Sources */ = {isa = PBXBuildFile; fileRef = 8BD527A01D3C2CA1004F100E /* TrippleTests.swift */; };
		8BD527AC1D3C2CA1004F100E /* TrippleUITests.swift in Sources */ = {isa = PBXBuildFile; fileRef = 8BD527AB1D3C2CA1004F100E /* TrippleUITests.swift */; };
		8BD527BA1D3C3CE8004F100E /* Models.swift in Sources */ = {isa = PBXBuildFile; fileRef = 8BD527B91D3C3CE8004F100E /* Models.swift */; };
		8BDC18071D3F07BE00D3E305 /* WaypointAnnotationView.swift in Sources */ = {isa = PBXBuildFile; fileRef = 8BDC18061D3F07BE00D3E305 /* WaypointAnnotationView.swift */; };
		8BDC180B1D3F212400D3E305 /* appIcon.png in Resources */ = {isa = PBXBuildFile; fileRef = 8BDC180A1D3F212400D3E305 /* appIcon.png */; };
		8BDC180D1D3F21C900D3E305 /* WaypointAnnotation.swift in Sources */ = {isa = PBXBuildFile; fileRef = 8BDC180C1D3F21C900D3E305 /* WaypointAnnotation.swift */; };
		8BFB8A941D51DA9A006F09C9 /* canvas4.png in Resources */ = {isa = PBXBuildFile; fileRef = 8BFB8A931D51DA9A006F09C9 /* canvas4.png */; };
		8BFB8A971D51DD2E006F09C9 /* icon76@2x.png in Resources */ = {isa = PBXBuildFile; fileRef = 8BFB8A951D51DD2E006F09C9 /* icon76@2x.png */; };
		8BFB8A981D51DD2E006F09C9 /* icon76.png in Resources */ = {isa = PBXBuildFile; fileRef = 8BFB8A961D51DD2E006F09C9 /* icon76.png */; };
		8BFB8A991D51DD5A006F09C9 /* LaunchScreen.storyboard in Resources */ = {isa = PBXBuildFile; fileRef = 8BD527941D3C2CA1004F100E /* LaunchScreen.storyboard */; };
		8BFB8A9B1D51DECB006F09C9 /* icon167.png in Resources */ = {isa = PBXBuildFile; fileRef = 8BFB8A9A1D51DECB006F09C9 /* icon167.png */; };
/* End PBXBuildFile section */

/* Begin PBXContainerItemProxy section */
		8BD5279D1D3C2CA1004F100E /* PBXContainerItemProxy */ = {
			isa = PBXContainerItemProxy;
			containerPortal = 8BD5277E1D3C2CA1004F100E /* Project object */;
			proxyType = 1;
			remoteGlobalIDString = 8BD527851D3C2CA1004F100E;
			remoteInfo = Tripple;
		};
		8BD527A81D3C2CA1004F100E /* PBXContainerItemProxy */ = {
			isa = PBXContainerItemProxy;
			containerPortal = 8BD5277E1D3C2CA1004F100E /* Project object */;
			proxyType = 1;
			remoteGlobalIDString = 8BD527851D3C2CA1004F100E;
			remoteInfo = Tripple;
		};
/* End PBXContainerItemProxy section */

/* Begin PBXCopyFilesBuildPhase section */
		8B37FD6E1D4C2C8100073E67 /* Embed Frameworks */ = {
			isa = PBXCopyFilesBuildPhase;
			buildActionMask = 2147483647;
			dstPath = "";
			dstSubfolderSpec = 10;
			files = (
				8B37FD691D4C2C8100073E67 /* AWSCore.framework in Embed Frameworks */,
				8B37FD6D1D4C2C8100073E67 /* AWSMobileAnalytics.framework in Embed Frameworks */,
				8B85919C1D4E981200BC6EBD /* RealmSwift.framework in Embed Frameworks */,
				8B37FD951D4C464400073E67 /* AWSDynamoDB.framework in Embed Frameworks */,
				8B37FD6B1D4C2C8100073E67 /* AWSLambda.framework in Embed Frameworks */,
				8B85919A1D4E981200BC6EBD /* Realm.framework in Embed Frameworks */,
			);
			name = "Embed Frameworks";
			runOnlyForDeploymentPostprocessing = 0;
		};
/* End PBXCopyFilesBuildPhase section */

/* Begin PBXFileReference section */
		8B1186471D420D28000E7D6B /* mapPin@3x.png */ = {isa = PBXFileReference; lastKnownFileType = image.png; name = "mapPin@3x.png"; path = "../../../../Desktop/mapPin@3x.png"; sourceTree = "<group>"; };
		8B1186481D420D28000E7D6B /* mapPin@2x.png */ = {isa = PBXFileReference; lastKnownFileType = image.png; name = "mapPin@2x.png"; path = "../../../../Desktop/mapPin@2x.png"; sourceTree = "<group>"; };
		8B1186491D420D28000E7D6B /* mapPin.png */ = {isa = PBXFileReference; lastKnownFileType = image.png; name = mapPin.png; path = ../../../../Desktop/mapPin.png; sourceTree = "<group>"; };
		8B37FD501D4C2C4100073E67 /* AWSCore.framework */ = {isa = PBXFileReference; lastKnownFileType = wrapper.framework; path = AWSCore.framework; sourceTree = "<group>"; };
		8B37FD511D4C2C4100073E67 /* AWSLambda.framework */ = {isa = PBXFileReference; lastKnownFileType = wrapper.framework; path = AWSLambda.framework; sourceTree = "<group>"; };
		8B37FD521D4C2C4100073E67 /* AWSMobileAnalytics.framework */ = {isa = PBXFileReference; lastKnownFileType = wrapper.framework; path = AWSMobileAnalytics.framework; sourceTree = "<group>"; };
		8B37FD541D4C2C4100073E67 /* Amazon_Software_License.txt */ = {isa = PBXFileReference; fileEncoding = 4; lastKnownFileType = text; path = Amazon_Software_License.txt; sourceTree = "<group>"; };
		8B37FD551D4C2C4100073E67 /* NOTICE */ = {isa = PBXFileReference; fileEncoding = 4; lastKnownFileType = text; path = NOTICE; sourceTree = "<group>"; };
		8B37FD561D4C2C4100073E67 /* CheckXcodeVersion.sh */ = {isa = PBXFileReference; fileEncoding = 4; lastKnownFileType = text.script.sh; path = CheckXcodeVersion.sh; sourceTree = "<group>"; };
		8B37FD581D4C2C4100073E67 /* GoogleAppUtilities.framework */ = {isa = PBXFileReference; lastKnownFileType = wrapper.framework; path = GoogleAppUtilities.framework; sourceTree = "<group>"; };
		8B37FD591D4C2C4100073E67 /* GoogleAuthUtilities.framework */ = {isa = PBXFileReference; lastKnownFileType = wrapper.framework; path = GoogleAuthUtilities.framework; sourceTree = "<group>"; };
		8B37FD5A1D4C2C4100073E67 /* GoogleNetworkingUtilities.framework */ = {isa = PBXFileReference; lastKnownFileType = wrapper.framework; path = GoogleNetworkingUtilities.framework; sourceTree = "<group>"; };
		8B37FD5B1D4C2C4100073E67 /* GoogleSymbolUtilities.framework */ = {isa = PBXFileReference; lastKnownFileType = wrapper.framework; path = GoogleSymbolUtilities.framework; sourceTree = "<group>"; };
		8B37FD5C1D4C2C4100073E67 /* GoogleUtilities.framework */ = {isa = PBXFileReference; lastKnownFileType = wrapper.framework; path = GoogleUtilities.framework; sourceTree = "<group>"; };
		8B37FD711D4C2CE900073E67 /* AWSMobileClient.swift */ = {isa = PBXFileReference; fileEncoding = 4; lastKnownFileType = sourcecode.swift; path = AWSMobileClient.swift; sourceTree = "<group>"; };
		8B37FD721D4C2CE900073E67 /* AWSMobileHubHelper.framework */ = {isa = PBXFileReference; lastKnownFileType = wrapper.framework; path = AWSMobileHubHelper.framework; sourceTree = "<group>"; };
		8B37FD771D4C2D5200073E67 /* libsqlite3.tbd */ = {isa = PBXFileReference; lastKnownFileType = "sourcecode.text-based-dylib-definition"; name = libsqlite3.tbd; path = usr/lib/libsqlite3.tbd; sourceTree = SDKROOT; };
		8B37FD791D4C2D5B00073E67 /* libz.tbd */ = {isa = PBXFileReference; lastKnownFileType = "sourcecode.text-based-dylib-definition"; name = libz.tbd; path = usr/lib/libz.tbd; sourceTree = SDKROOT; };
		8B37FD7B1D4C301F00073E67 /* AWSDynamoDB.framework */ = {isa = PBXFileReference; lastKnownFileType = wrapper.framework; path = AWSDynamoDB.framework; sourceTree = "<group>"; };
		8B37FD7E1D4C32B300073E67 /* NoSQLModelHelpers.swift */ = {isa = PBXFileReference; fileEncoding = 4; lastKnownFileType = sourcecode.swift; path = NoSQLModelHelpers.swift; sourceTree = "<group>"; };
		8B37FD7F1D4C32B300073E67 /* NoSQLQueryResultViewController.swift */ = {isa = PBXFileReference; fileEncoding = 4; lastKnownFileType = sourcecode.swift; path = NoSQLQueryResultViewController.swift; sourceTree = "<group>"; };
		8B37FD801D4C32B300073E67 /* NoSQLSampleDataGenerator.swift */ = {isa = PBXFileReference; fileEncoding = 4; lastKnownFileType = sourcecode.swift; path = NoSQLSampleDataGenerator.swift; sourceTree = "<group>"; };
		8B37FD811D4C32B300073E67 /* NoSQLTableFactory.swift */ = {isa = PBXFileReference; fileEncoding = 4; lastKnownFileType = sourcecode.swift; path = NoSQLTableFactory.swift; sourceTree = "<group>"; };
		8B37FD821D4C32B300073E67 /* NoSQLTableListViewController.swift */ = {isa = PBXFileReference; fileEncoding = 4; lastKnownFileType = sourcecode.swift; path = NoSQLTableListViewController.swift; sourceTree = "<group>"; };
		8B37FD831D4C32B300073E67 /* NoSQLTableViewController.swift */ = {isa = PBXFileReference; fileEncoding = 4; lastKnownFileType = sourcecode.swift; path = NoSQLTableViewController.swift; sourceTree = "<group>"; };
		8B37FD851D4C32B300073E67 /* PinTable.swift */ = {isa = PBXFileReference; fileEncoding = 4; lastKnownFileType = sourcecode.swift; path = PinTable.swift; sourceTree = "<group>"; };
		8B37FD901D4C37EE00073E67 /* Pin.swift */ = {isa = PBXFileReference; fileEncoding = 4; lastKnownFileType = sourcecode.swift; path = Pin.swift; sourceTree = "<group>"; };
		8B37FD911D4C37EE00073E67 /* Waypoint.swift */ = {isa = PBXFileReference; fileEncoding = 4; lastKnownFileType = sourcecode.swift; path = Waypoint.swift; sourceTree = "<group>"; };
		8B37FD961D4C54F400073E67 /* Info.plist */ = {isa = PBXFileReference; fileEncoding = 4; lastKnownFileType = text.plist.xml; path = Info.plist; sourceTree = "<group>"; };
		8B4AF3E31D51D41300789047 /* icon1024.png */ = {isa = PBXFileReference; lastKnownFileType = image.png; path = icon1024.png; sourceTree = "<group>"; };
		8B4AF3E41D51D41300789047 /* icon180.png */ = {isa = PBXFileReference; lastKnownFileType = image.png; path = icon180.png; sourceTree = "<group>"; };
		8B4AF3E51D51D41300789047 /* icon120.png */ = {isa = PBXFileReference; lastKnownFileType = image.png; path = icon120.png; sourceTree = "<group>"; };
		8B8591951D4E980600BC6EBD /* Realm.framework */ = {isa = PBXFileReference; lastKnownFileType = wrapper.framework; path = Realm.framework; sourceTree = "<group>"; };
		8B8591961D4E980600BC6EBD /* RealmSwift.framework */ = {isa = PBXFileReference; lastKnownFileType = wrapper.framework; path = RealmSwift.framework; sourceTree = "<group>"; };
		8B85919E1D4EFEDF00BC6EBD /* PinViewController.swift */ = {isa = PBXFileReference; fileEncoding = 4; lastKnownFileType = sourcecode.swift; path = PinViewController.swift; sourceTree = "<group>"; };
		8B8591A01D4FF46500BC6EBD /* PinStatus.swift */ = {isa = PBXFileReference; fileEncoding = 4; lastKnownFileType = sourcecode.swift; path = PinStatus.swift; sourceTree = "<group>"; };
		8B8591A21D500BC900BC6EBD /* CacheTransaction.swift */ = {isa = PBXFileReference; fileEncoding = 4; lastKnownFileType = sourcecode.swift; path = CacheTransaction.swift; sourceTree = "<group>"; };
		8B8591A41D50907000BC6EBD /* GoogleSignIn.bundle */ = {isa = PBXFileReference; lastKnownFileType = "wrapper.plug-in"; path = GoogleSignIn.bundle; sourceTree = "<group>"; };
		8B8591A51D50907000BC6EBD /* GoogleSignIn.framework */ = {isa = PBXFileReference; lastKnownFileType = wrapper.framework; path = GoogleSignIn.framework; sourceTree = "<group>"; };
		8B8591B21D509DA300BC6EBD /* FBSDKCoreKit.framework */ = {isa = PBXFileReference; lastKnownFileType = wrapper.framework; path = FBSDKCoreKit.framework; sourceTree = "<group>"; };
		8B8591B31D509DA300BC6EBD /* FBSDKLoginKit.framework */ = {isa = PBXFileReference; lastKnownFileType = wrapper.framework; path = FBSDKLoginKit.framework; sourceTree = "<group>"; };
		8B8591B41D509DA300BC6EBD /* FBSDKShareKit.framework */ = {isa = PBXFileReference; lastKnownFileType = wrapper.framework; path = FBSDKShareKit.framework; sourceTree = "<group>"; };
		8B8591B81D50A01D00BC6EBD /* Bolts.framework */ = {isa = PBXFileReference; lastKnownFileType = wrapper.framework; path = Bolts.framework; sourceTree = "<group>"; };
		8B8591BA1D50A37000BC6EBD /* SignInViewController.swift */ = {isa = PBXFileReference; fileEncoding = 4; lastKnownFileType = sourcecode.swift; path = SignInViewController.swift; sourceTree = "<group>"; };
		8B8591BC1D50A75200BC6EBD /* FacebookButton.png */ = {isa = PBXFileReference; lastKnownFileType = image.png; path = FacebookButton.png; sourceTree = "<group>"; };
		8B874C431D4D6B0700AEF8A1 /* Pickup.swift */ = {isa = PBXFileReference; fileEncoding = 4; lastKnownFileType = sourcecode.swift; path = Pickup.swift; sourceTree = "<group>"; };
		8B874C451D4D7BD600AEF8A1 /* GoogleMobileAds.framework */ = {isa = PBXFileReference; lastKnownFileType = wrapper.framework; path = GoogleMobileAds.framework; sourceTree = "<group>"; };
		8B8D6E441D4D99090064819C /* PinListViewController.swift */ = {isa = PBXFileReference; fileEncoding = 4; lastKnownFileType = sourcecode.swift; path = PinListViewController.swift; sourceTree = "<group>"; };
		8B8D6E4A1D4D9BB30064819C /* Syncer.swift */ = {isa = PBXFileReference; fileEncoding = 4; lastKnownFileType = sourcecode.swift; path = Syncer.swift; sourceTree = "<group>"; };
		8B94B7721D51DA5B009CB821 /* canvas55.png */ = {isa = PBXFileReference; lastKnownFileType = image.png; path = canvas55.png; sourceTree = "<group>"; };
		8B94B7731D51DA5B009CB821 /* canvas47.png */ = {isa = PBXFileReference; lastKnownFileType = image.png; path = canvas47.png; sourceTree = "<group>"; };
		8BBB46041D515E1C0028099A /* AccountViewController.swift */ = {isa = PBXFileReference; fileEncoding = 4; lastKnownFileType = sourcecode.swift; path = AccountViewController.swift; sourceTree = "<group>"; };
		8BD527861D3C2CA1004F100E /* Tripple.app */ = {isa = PBXFileReference; explicitFileType = wrapper.application; includeInIndex = 0; path = Tripple.app; sourceTree = BUILT_PRODUCTS_DIR; };
		8BD527891D3C2CA1004F100E /* AppDelegate.swift */ = {isa = PBXFileReference; lastKnownFileType = sourcecode.swift; path = AppDelegate.swift; sourceTree = "<group>"; };
		8BD5278B1D3C2CA1004F100E /* CreatePinViewController.swift */ = {isa = PBXFileReference; lastKnownFileType = sourcecode.swift; path = CreatePinViewController.swift; sourceTree = "<group>"; };
		8BD5278D1D3C2CA1004F100E /* PinMapViewController.swift */ = {isa = PBXFileReference; lastKnownFileType = sourcecode.swift; path = PinMapViewController.swift; sourceTree = "<group>"; };
		8BD527901D3C2CA1004F100E /* Base */ = {isa = PBXFileReference; lastKnownFileType = file.storyboard; name = Base; path = Base.lproj/Main.storyboard; sourceTree = "<group>"; };
		8BD527921D3C2CA1004F100E /* Assets.xcassets */ = {isa = PBXFileReference; lastKnownFileType = folder.assetcatalog; path = Assets.xcassets; sourceTree = "<group>"; };
		8BD527951D3C2CA1004F100E /* Base */ = {isa = PBXFileReference; lastKnownFileType = file.storyboard; name = Base; path = Base.lproj/LaunchScreen.storyboard; sourceTree = "<group>"; };
		8BD5279C1D3C2CA1004F100E /* TrippleTests.xctest */ = {isa = PBXFileReference; explicitFileType = wrapper.cfbundle; includeInIndex = 0; path = TrippleTests.xctest; sourceTree = BUILT_PRODUCTS_DIR; };
		8BD527A01D3C2CA1004F100E /* TrippleTests.swift */ = {isa = PBXFileReference; lastKnownFileType = sourcecode.swift; path = TrippleTests.swift; sourceTree = "<group>"; };
		8BD527A21D3C2CA1004F100E /* Info.plist */ = {isa = PBXFileReference; lastKnownFileType = text.plist.xml; path = Info.plist; sourceTree = "<group>"; };
		8BD527A71D3C2CA1004F100E /* TrippleUITests.xctest */ = {isa = PBXFileReference; explicitFileType = wrapper.cfbundle; includeInIndex = 0; path = TrippleUITests.xctest; sourceTree = BUILT_PRODUCTS_DIR; };
		8BD527AB1D3C2CA1004F100E /* TrippleUITests.swift */ = {isa = PBXFileReference; lastKnownFileType = sourcecode.swift; path = TrippleUITests.swift; sourceTree = "<group>"; };
		8BD527AD1D3C2CA1004F100E /* Info.plist */ = {isa = PBXFileReference; lastKnownFileType = text.plist.xml; path = Info.plist; sourceTree = "<group>"; };
		8BD527B91D3C3CE8004F100E /* Models.swift */ = {isa = PBXFileReference; fileEncoding = 4; lastKnownFileType = sourcecode.swift; path = Models.swift; sourceTree = "<group>"; };
		8BD527BB1D3C491D004F100E /* Tripple.entitlements */ = {isa = PBXFileReference; lastKnownFileType = text.xml; path = Tripple.entitlements; sourceTree = "<group>"; };
		8BDC18061D3F07BE00D3E305 /* WaypointAnnotationView.swift */ = {isa = PBXFileReference; fileEncoding = 4; lastKnownFileType = sourcecode.swift; path = WaypointAnnotationView.swift; sourceTree = "<group>"; };
		8BDC180A1D3F212400D3E305 /* appIcon.png */ = {isa = PBXFileReference; lastKnownFileType = image.png; name = appIcon.png; path = ../../../../Desktop/appIcon.png; sourceTree = "<group>"; };
		8BDC180C1D3F21C900D3E305 /* WaypointAnnotation.swift */ = {isa = PBXFileReference; fileEncoding = 4; lastKnownFileType = sourcecode.swift; path = WaypointAnnotation.swift; sourceTree = "<group>"; };
		8BFB8A931D51DA9A006F09C9 /* canvas4.png */ = {isa = PBXFileReference; lastKnownFileType = image.png; path = canvas4.png; sourceTree = "<group>"; };
		8BFB8A951D51DD2E006F09C9 /* icon76@2x.png */ = {isa = PBXFileReference; lastKnownFileType = image.png; path = "icon76@2x.png"; sourceTree = "<group>"; };
		8BFB8A961D51DD2E006F09C9 /* icon76.png */ = {isa = PBXFileReference; lastKnownFileType = image.png; path = icon76.png; sourceTree = "<group>"; };
		8BFB8A9A1D51DECB006F09C9 /* icon167.png */ = {isa = PBXFileReference; lastKnownFileType = image.png; path = icon167.png; sourceTree = "<group>"; };
/* End PBXFileReference section */

/* Begin PBXFrameworksBuildPhase section */
		8BD527831D3C2CA1004F100E /* Frameworks */ = {
			isa = PBXFrameworksBuildPhase;
			buildActionMask = 2147483647;
			files = (
				8B8591971D4E980600BC6EBD /* Realm.framework in Frameworks */,
				8B874C461D4D7BD600AEF8A1 /* GoogleMobileAds.framework in Frameworks */,
				8B85919B1D4E981200BC6EBD /* RealmSwift.framework in Frameworks */,
				8B37FD941D4C464400073E67 /* AWSDynamoDB.framework in Frameworks */,
				8B37FD7A1D4C2D5B00073E67 /* libz.tbd in Frameworks */,
				8B8591991D4E981200BC6EBD /* Realm.framework in Frameworks */,
				8B37FD781D4C2D5200073E67 /* libsqlite3.tbd in Frameworks */,
				8B8591B91D50A01D00BC6EBD /* Bolts.framework in Frameworks */,
				8B8591981D4E980600BC6EBD /* RealmSwift.framework in Frameworks */,
				8B37FD6A1D4C2C8100073E67 /* AWSLambda.framework in Frameworks */,
				8B37FD671D4C2C4100073E67 /* GoogleUtilities.framework in Frameworks */,
				8B37FD681D4C2C8100073E67 /* AWSCore.framework in Frameworks */,
				8B37FD5E1D4C2C4100073E67 /* AWSLambda.framework in Frameworks */,
				8B8591B71D509DA300BC6EBD /* FBSDKShareKit.framework in Frameworks */,
				8B37FD741D4C2CE900073E67 /* AWSMobileHubHelper.framework in Frameworks */,
				8B8591A71D50907000BC6EBD /* GoogleSignIn.framework in Frameworks */,
				8B8591B61D509DA300BC6EBD /* FBSDKLoginKit.framework in Frameworks */,
				8B37FD651D4C2C4100073E67 /* GoogleNetworkingUtilities.framework in Frameworks */,
				8B37FD661D4C2C4100073E67 /* GoogleSymbolUtilities.framework in Frameworks */,
				8B37FD631D4C2C4100073E67 /* GoogleAppUtilities.framework in Frameworks */,
				8B37FD7C1D4C301F00073E67 /* AWSDynamoDB.framework in Frameworks */,
				8B37FD6C1D4C2C8100073E67 /* AWSMobileAnalytics.framework in Frameworks */,
				8B37FD5D1D4C2C4100073E67 /* AWSCore.framework in Frameworks */,
				8B8591B51D509DA300BC6EBD /* FBSDKCoreKit.framework in Frameworks */,
				8B37FD641D4C2C4100073E67 /* GoogleAuthUtilities.framework in Frameworks */,
				8B37FD5F1D4C2C4100073E67 /* AWSMobileAnalytics.framework in Frameworks */,
			);
			runOnlyForDeploymentPostprocessing = 0;
		};
		8BD527991D3C2CA1004F100E /* Frameworks */ = {
			isa = PBXFrameworksBuildPhase;
			buildActionMask = 2147483647;
			files = (
			);
			runOnlyForDeploymentPostprocessing = 0;
		};
		8BD527A41D3C2CA1004F100E /* Frameworks */ = {
			isa = PBXFrameworksBuildPhase;
			buildActionMask = 2147483647;
			files = (
			);
			runOnlyForDeploymentPostprocessing = 0;
		};
/* End PBXFrameworksBuildPhase section */

/* Begin PBXGroup section */
		8B37FD4E1D4C2C4100073E67 /* Sdk */ = {
			isa = PBXGroup;
			children = (
				8B37FD4F1D4C2C4100073E67 /* Aws */,
				8B37FD561D4C2C4100073E67 /* CheckXcodeVersion.sh */,
				8B37FD571D4C2C4100073E67 /* Google */,
			);
			path = Sdk;
			sourceTree = "<group>";
		};
		8B37FD4F1D4C2C4100073E67 /* Aws */ = {
			isa = PBXGroup;
			children = (
				8B37FD7B1D4C301F00073E67 /* AWSDynamoDB.framework */,
				8B37FD501D4C2C4100073E67 /* AWSCore.framework */,
				8B37FD511D4C2C4100073E67 /* AWSLambda.framework */,
				8B37FD521D4C2C4100073E67 /* AWSMobileAnalytics.framework */,
				8B37FD531D4C2C4100073E67 /* extras */,
			);
			path = Aws;
			sourceTree = "<group>";
		};
		8B37FD531D4C2C4100073E67 /* extras */ = {
			isa = PBXGroup;
			children = (
				8B37FD541D4C2C4100073E67 /* Amazon_Software_License.txt */,
				8B37FD551D4C2C4100073E67 /* NOTICE */,
			);
			path = extras;
			sourceTree = "<group>";
		};
		8B37FD571D4C2C4100073E67 /* Google */ = {
			isa = PBXGroup;
			children = (
				8B37FD581D4C2C4100073E67 /* GoogleAppUtilities.framework */,
				8B37FD591D4C2C4100073E67 /* GoogleAuthUtilities.framework */,
				8B37FD5A1D4C2C4100073E67 /* GoogleNetworkingUtilities.framework */,
				8B37FD5B1D4C2C4100073E67 /* GoogleSymbolUtilities.framework */,
				8B37FD5C1D4C2C4100073E67 /* GoogleUtilities.framework */,
			);
			path = Google;
			sourceTree = "<group>";
		};
		8B37FD701D4C2CE900073E67 /* AmazonAws */ = {
			isa = PBXGroup;
			children = (
				8B37FD711D4C2CE900073E67 /* AWSMobileClient.swift */,
				8B37FD721D4C2CE900073E67 /* AWSMobileHubHelper.framework */,
			);
			path = AmazonAws;
			sourceTree = "<group>";
		};
		8B37FD7D1D4C329500073E67 /* AWS Code */ = {
			isa = PBXGroup;
			children = (
				8B37FD7E1D4C32B300073E67 /* NoSQLModelHelpers.swift */,
				8B37FD7F1D4C32B300073E67 /* NoSQLQueryResultViewController.swift */,
				8B37FD801D4C32B300073E67 /* NoSQLSampleDataGenerator.swift */,
				8B37FD811D4C32B300073E67 /* NoSQLTableFactory.swift */,
				8B37FD821D4C32B300073E67 /* NoSQLTableListViewController.swift */,
				8B37FD831D4C32B300073E67 /* NoSQLTableViewController.swift */,
				8B37FD901D4C37EE00073E67 /* Pin.swift */,
				8B37FD911D4C37EE00073E67 /* Waypoint.swift */,
				8B874C431D4D6B0700AEF8A1 /* Pickup.swift */,
				8B8591A01D4FF46500BC6EBD /* PinStatus.swift */,
				8B8591A21D500BC900BC6EBD /* CacheTransaction.swift */,
				8B37FD851D4C32B300073E67 /* PinTable.swift */,
			);
			name = "AWS Code";
			sourceTree = "<group>";
		};
		8BD5277D1D3C2CA1004F100E = {
			isa = PBXGroup;
			children = (
				8BFB8A951D51DD2E006F09C9 /* icon76@2x.png */,
				8BFB8A961D51DD2E006F09C9 /* icon76.png */,
				8BFB8A9A1D51DECB006F09C9 /* icon167.png */,
				8B94B7721D51DA5B009CB821 /* canvas55.png */,
				8B94B7731D51DA5B009CB821 /* canvas47.png */,
				8BFB8A931D51DA9A006F09C9 /* canvas4.png */,
				8B4AF3E31D51D41300789047 /* icon1024.png */,
				8B4AF3E41D51D41300789047 /* icon180.png */,
				8B4AF3E51D51D41300789047 /* icon120.png */,
				8B37FD791D4C2D5B00073E67 /* libz.tbd */,
				8B37FD771D4C2D5200073E67 /* libsqlite3.tbd */,
				8BD527881D3C2CA1004F100E /* Tripple */,
				8BD5279F1D3C2CA1004F100E /* TrippleTests */,
				8BD527AA1D3C2CA1004F100E /* TrippleUITests */,
				8BD527871D3C2CA1004F100E /* Products */,
			);
			sourceTree = "<group>";
		};
		8BD527871D3C2CA1004F100E /* Products */ = {
			isa = PBXGroup;
			children = (
				8BD527861D3C2CA1004F100E /* Tripple.app */,
				8BD5279C1D3C2CA1004F100E /* TrippleTests.xctest */,
				8BD527A71D3C2CA1004F100E /* TrippleUITests.xctest */,
			);
			name = Products;
			sourceTree = "<group>";
		};
		8BD527881D3C2CA1004F100E /* Tripple */ = {
			isa = PBXGroup;
			children = (
				8B8591951D4E980600BC6EBD /* Realm.framework */,
				8B8591961D4E980600BC6EBD /* RealmSwift.framework */,
				8B874C451D4D7BD600AEF8A1 /* GoogleMobileAds.framework */,
				8B8591B21D509DA300BC6EBD /* FBSDKCoreKit.framework */,
				8B8591B31D509DA300BC6EBD /* FBSDKLoginKit.framework */,
				8B8591B41D509DA300BC6EBD /* FBSDKShareKit.framework */,
				8B8591B81D50A01D00BC6EBD /* Bolts.framework */,
				8B8591A41D50907000BC6EBD /* GoogleSignIn.bundle */,
				8B8591A51D50907000BC6EBD /* GoogleSignIn.framework */,
				8B37FD701D4C2CE900073E67 /* AmazonAws */,
				8B37FD4E1D4C2C4100073E67 /* Sdk */,
				8B37FD7D1D4C329500073E67 /* AWS Code */,
				8BD527BB1D3C491D004F100E /* Tripple.entitlements */,
				8BD527891D3C2CA1004F100E /* AppDelegate.swift */,
				8BD5278B1D3C2CA1004F100E /* CreatePinViewController.swift */,
				8B8D6E4A1D4D9BB30064819C /* Syncer.swift */,
				8BD5278D1D3C2CA1004F100E /* PinMapViewController.swift */,
				8B8D6E441D4D99090064819C /* PinListViewController.swift */,
				8B85919E1D4EFEDF00BC6EBD /* PinViewController.swift */,
				8BBB46041D515E1C0028099A /* AccountViewController.swift */,
				8B8591BC1D50A75200BC6EBD /* FacebookButton.png */,
				8B8591BA1D50A37000BC6EBD /* SignInViewController.swift */,
				8BDC180A1D3F212400D3E305 /* appIcon.png */,
				8BD527B91D3C3CE8004F100E /* Models.swift */,
				8BD5278F1D3C2CA1004F100E /* Main.storyboard */,
				8BDC18061D3F07BE00D3E305 /* WaypointAnnotationView.swift */,
				8BDC180C1D3F21C900D3E305 /* WaypointAnnotation.swift */,
				8B37FD961D4C54F400073E67 /* Info.plist */,
				8BD527921D3C2CA1004F100E /* Assets.xcassets */,
				8BD527941D3C2CA1004F100E /* LaunchScreen.storyboard */,
				8B1186471D420D28000E7D6B /* mapPin@3x.png */,
				8B1186481D420D28000E7D6B /* mapPin@2x.png */,
				8B1186491D420D28000E7D6B /* mapPin.png */,
			);
			path = Tripple;
			sourceTree = "<group>";
		};
		8BD5279F1D3C2CA1004F100E /* TrippleTests */ = {
			isa = PBXGroup;
			children = (
				8BD527A01D3C2CA1004F100E /* TrippleTests.swift */,
				8BD527A21D3C2CA1004F100E /* Info.plist */,
			);
			path = TrippleTests;
			sourceTree = "<group>";
		};
		8BD527AA1D3C2CA1004F100E /* TrippleUITests */ = {
			isa = PBXGroup;
			children = (
				8BD527AB1D3C2CA1004F100E /* TrippleUITests.swift */,
				8BD527AD1D3C2CA1004F100E /* Info.plist */,
			);
			path = TrippleUITests;
			sourceTree = "<group>";
		};
/* End PBXGroup section */

/* Begin PBXNativeTarget section */
		8BD527851D3C2CA1004F100E /* Tripple */ = {
			isa = PBXNativeTarget;
			buildConfigurationList = 8BD527B01D3C2CA1004F100E /* Build configuration list for PBXNativeTarget "Tripple" */;
			buildPhases = (
				8BD527821D3C2CA1004F100E /* Sources */,
				8BD527831D3C2CA1004F100E /* Frameworks */,
				8BD527841D3C2CA1004F100E /* Resources */,
				8B37FD6E1D4C2C8100073E67 /* Embed Frameworks */,
				8B37FD6F1D4C2CA600073E67 /* ShellScript */,
			);
			buildRules = (
			);
			dependencies = (
			);
			name = Tripple;
			productName = Tripple;
			productReference = 8BD527861D3C2CA1004F100E /* Tripple.app */;
			productType = "com.apple.product-type.application";
		};
		8BD5279B1D3C2CA1004F100E /* TrippleTests */ = {
			isa = PBXNativeTarget;
			buildConfigurationList = 8BD527B31D3C2CA1004F100E /* Build configuration list for PBXNativeTarget "TrippleTests" */;
			buildPhases = (
				8BD527981D3C2CA1004F100E /* Sources */,
				8BD527991D3C2CA1004F100E /* Frameworks */,
				8BD5279A1D3C2CA1004F100E /* Resources */,
			);
			buildRules = (
			);
			dependencies = (
				8BD5279E1D3C2CA1004F100E /* PBXTargetDependency */,
			);
			name = TrippleTests;
			productName = TrippleTests;
			productReference = 8BD5279C1D3C2CA1004F100E /* TrippleTests.xctest */;
			productType = "com.apple.product-type.bundle.unit-test";
		};
		8BD527A61D3C2CA1004F100E /* TrippleUITests */ = {
			isa = PBXNativeTarget;
			buildConfigurationList = 8BD527B61D3C2CA1004F100E /* Build configuration list for PBXNativeTarget "TrippleUITests" */;
			buildPhases = (
				8BD527A31D3C2CA1004F100E /* Sources */,
				8BD527A41D3C2CA1004F100E /* Frameworks */,
				8BD527A51D3C2CA1004F100E /* Resources */,
			);
			buildRules = (
			);
			dependencies = (
				8BD527A91D3C2CA1004F100E /* PBXTargetDependency */,
			);
			name = TrippleUITests;
			productName = TrippleUITests;
			productReference = 8BD527A71D3C2CA1004F100E /* TrippleUITests.xctest */;
			productType = "com.apple.product-type.bundle.ui-testing";
		};
/* End PBXNativeTarget section */

/* Begin PBXProject section */
		8BD5277E1D3C2CA1004F100E /* Project object */ = {
			isa = PBXProject;
			attributes = {
				LastSwiftUpdateCheck = 0730;
				LastUpgradeCheck = 0730;
				ORGANIZATIONNAME = JwitApps;
				TargetAttributes = {
					8BD527851D3C2CA1004F100E = {
						CreatedOnToolsVersion = 7.3.1;
						DevelopmentTeam = 349WFX4WJR;
						SystemCapabilities = {
							com.apple.iCloud = {
								enabled = 0;
							};
						};
					};
					8BD5279B1D3C2CA1004F100E = {
						CreatedOnToolsVersion = 7.3.1;
						TestTargetID = 8BD527851D3C2CA1004F100E;
					};
					8BD527A61D3C2CA1004F100E = {
						CreatedOnToolsVersion = 7.3.1;
						TestTargetID = 8BD527851D3C2CA1004F100E;
					};
				};
			};
			buildConfigurationList = 8BD527811D3C2CA1004F100E /* Build configuration list for PBXProject "Tripple" */;
			compatibilityVersion = "Xcode 3.2";
			developmentRegion = English;
			hasScannedForEncodings = 0;
			knownRegions = (
				en,
				Base,
			);
			mainGroup = 8BD5277D1D3C2CA1004F100E;
			productRefGroup = 8BD527871D3C2CA1004F100E /* Products */;
			projectDirPath = "";
			projectRoot = "";
			targets = (
				8BD527851D3C2CA1004F100E /* Tripple */,
				8BD5279B1D3C2CA1004F100E /* TrippleTests */,
				8BD527A61D3C2CA1004F100E /* TrippleUITests */,
			);
		};
/* End PBXProject section */

/* Begin PBXResourcesBuildPhase section */
		8BD527841D3C2CA1004F100E /* Resources */ = {
			isa = PBXResourcesBuildPhase;
			buildActionMask = 2147483647;
			files = (
				8B94B7741D51DA5B009CB821 /* canvas55.png in Resources */,
				8BDC180B1D3F212400D3E305 /* appIcon.png in Resources */,
				8B4AF3E61D51D41300789047 /* icon1024.png in Resources */,
				8B11864A1D420D28000E7D6B /* mapPin@3x.png in Resources */,
				8B8591BD1D50A75200BC6EBD /* FacebookButton.png in Resources */,
				8BFB8A9B1D51DECB006F09C9 /* icon167.png in Resources */,
				8B37FD601D4C2C4100073E67 /* Amazon_Software_License.txt in Resources */,
				8B94B7751D51DA5B009CB821 /* canvas47.png in Resources */,
				8B8591A61D50907000BC6EBD /* GoogleSignIn.bundle in Resources */,
				8B11864C1D420D28000E7D6B /* mapPin.png in Resources */,
				8BFB8A941D51DA9A006F09C9 /* canvas4.png in Resources */,
				8B37FD611D4C2C4100073E67 /* NOTICE in Resources */,
				8BD527931D3C2CA1004F100E /* Assets.xcassets in Resources */,
				8BFB8A981D51DD2E006F09C9 /* icon76.png in Resources */,
				8B4AF3E81D51D41300789047 /* icon120.png in Resources */,
				8BD527911D3C2CA1004F100E /* Main.storyboard in Resources */,
				8B37FD971D4C54F400073E67 /* Info.plist in Resources */,
				8BFB8A971D51DD2E006F09C9 /* icon76@2x.png in Resources */,
				8B37FD621D4C2C4100073E67 /* CheckXcodeVersion.sh in Resources */,
				8BFB8A991D51DD5A006F09C9 /* LaunchScreen.storyboard in Resources */,
				8B11864B1D420D28000E7D6B /* mapPin@2x.png in Resources */,
				8B4AF3E71D51D41300789047 /* icon180.png in Resources */,
			);
			runOnlyForDeploymentPostprocessing = 0;
		};
		8BD5279A1D3C2CA1004F100E /* Resources */ = {
			isa = PBXResourcesBuildPhase;
			buildActionMask = 2147483647;
			files = (
			);
			runOnlyForDeploymentPostprocessing = 0;
		};
		8BD527A51D3C2CA1004F100E /* Resources */ = {
			isa = PBXResourcesBuildPhase;
			buildActionMask = 2147483647;
			files = (
			);
			runOnlyForDeploymentPostprocessing = 0;
		};
/* End PBXResourcesBuildPhase section */

/* Begin PBXShellScriptBuildPhase section */
		8B37FD6F1D4C2CA600073E67 /* ShellScript */ = {
			isa = PBXShellScriptBuildPhase;
			buildActionMask = 2147483647;
			files = (
			);
			inputPaths = (
			);
			outputPaths = (
			);
			runOnlyForDeploymentPostprocessing = 0;
			shellPath = /bin/sh;
			shellScript = "bash \"${BUILT_PRODUCTS_DIR}/${FRAMEWORKS_FOLDER_PATH}/AWSCore.framework/strip-frameworks.sh\"\nbash \"${BUILT_PRODUCTS_DIR}/${FRAMEWORKS_FOLDER_PATH}/Realm.framework/strip-frameworks.sh\"\n";
		};
/* End PBXShellScriptBuildPhase section */

/* Begin PBXSourcesBuildPhase section */
		8BD527821D3C2CA1004F100E /* Sources */ = {
			isa = PBXSourcesBuildPhase;
			buildActionMask = 2147483647;
			files = (
				8B37FD921D4C37EE00073E67 /* Pin.swift in Sources */,
				8B37FD891D4C32B300073E67 /* NoSQLTableFactory.swift in Sources */,
				8BBB46051D515E1C0028099A /* AccountViewController.swift in Sources */,
				8BD527BA1D3C3CE8004F100E /* Models.swift in Sources */,
				8BD5278E1D3C2CA1004F100E /* PinMapViewController.swift in Sources */,
				8B37FD931D4C37EE00073E67 /* Waypoint.swift in Sources */,
				8B37FD731D4C2CE900073E67 /* AWSMobileClient.swift in Sources */,
				8B37FD861D4C32B300073E67 /* NoSQLModelHelpers.swift in Sources */,
				8B8D6E4B1D4D9BB30064819C /* Syncer.swift in Sources */,
				8B85919F1D4EFEDF00BC6EBD /* PinViewController.swift in Sources */,
				8BDC18071D3F07BE00D3E305 /* WaypointAnnotationView.swift in Sources */,
				8B37FD8B1D4C32B300073E67 /* NoSQLTableViewController.swift in Sources */,
				8B37FD881D4C32B300073E67 /* NoSQLSampleDataGenerator.swift in Sources */,
				8B85919D1D4EB7FF00BC6EBD /* PinTable.swift in Sources */,
				8B8591A11D4FF46500BC6EBD /* PinStatus.swift in Sources */,
				8BD5278A1D3C2CA1004F100E /* AppDelegate.swift in Sources */,
				8BD5278C1D3C2CA1004F100E /* CreatePinViewController.swift in Sources */,
				8B37FD8A1D4C32B300073E67 /* NoSQLTableListViewController.swift in Sources */,
				8B8591A31D500BC900BC6EBD /* CacheTransaction.swift in Sources */,
				8B8D6E451D4D99090064819C /* PinListViewController.swift in Sources */,
				8B874C441D4D6B0700AEF8A1 /* Pickup.swift in Sources */,
				8B37FD871D4C32B300073E67 /* NoSQLQueryResultViewController.swift in Sources */,
				8B8591BB1D50A37000BC6EBD /* SignInViewController.swift in Sources */,
				8BDC180D1D3F21C900D3E305 /* WaypointAnnotation.swift in Sources */,
			);
			runOnlyForDeploymentPostprocessing = 0;
		};
		8BD527981D3C2CA1004F100E /* Sources */ = {
			isa = PBXSourcesBuildPhase;
			buildActionMask = 2147483647;
			files = (
				8BD527A11D3C2CA1004F100E /* TrippleTests.swift in Sources */,
			);
			runOnlyForDeploymentPostprocessing = 0;
		};
		8BD527A31D3C2CA1004F100E /* Sources */ = {
			isa = PBXSourcesBuildPhase;
			buildActionMask = 2147483647;
			files = (
				8BD527AC1D3C2CA1004F100E /* TrippleUITests.swift in Sources */,
			);
			runOnlyForDeploymentPostprocessing = 0;
		};
/* End PBXSourcesBuildPhase section */

/* Begin PBXTargetDependency section */
		8BD5279E1D3C2CA1004F100E /* PBXTargetDependency */ = {
			isa = PBXTargetDependency;
			target = 8BD527851D3C2CA1004F100E /* Tripple */;
			targetProxy = 8BD5279D1D3C2CA1004F100E /* PBXContainerItemProxy */;
		};
		8BD527A91D3C2CA1004F100E /* PBXTargetDependency */ = {
			isa = PBXTargetDependency;
			target = 8BD527851D3C2CA1004F100E /* Tripple */;
			targetProxy = 8BD527A81D3C2CA1004F100E /* PBXContainerItemProxy */;
		};
/* End PBXTargetDependency section */

/* Begin PBXVariantGroup section */
		8BD5278F1D3C2CA1004F100E /* Main.storyboard */ = {
			isa = PBXVariantGroup;
			children = (
				8BD527901D3C2CA1004F100E /* Base */,
			);
			name = Main.storyboard;
			sourceTree = "<group>";
		};
		8BD527941D3C2CA1004F100E /* LaunchScreen.storyboard */ = {
			isa = PBXVariantGroup;
			children = (
				8BD527951D3C2CA1004F100E /* Base */,
			);
			name = LaunchScreen.storyboard;
			sourceTree = "<group>";
		};
/* End PBXVariantGroup section */

/* Begin XCBuildConfiguration section */
		8BD527AE1D3C2CA1004F100E /* Debug */ = {
			isa = XCBuildConfiguration;
			buildSettings = {
				ALWAYS_SEARCH_USER_PATHS = NO;
				CLANG_ANALYZER_NONNULL = YES;
				CLANG_CXX_LANGUAGE_STANDARD = "gnu++0x";
				CLANG_CXX_LIBRARY = "libc++";
				CLANG_ENABLE_MODULES = YES;
				CLANG_ENABLE_OBJC_ARC = YES;
				CLANG_WARN_BOOL_CONVERSION = YES;
				CLANG_WARN_CONSTANT_CONVERSION = YES;
				CLANG_WARN_DIRECT_OBJC_ISA_USAGE = YES_ERROR;
				CLANG_WARN_EMPTY_BODY = YES;
				CLANG_WARN_ENUM_CONVERSION = YES;
				CLANG_WARN_INT_CONVERSION = YES;
				CLANG_WARN_OBJC_ROOT_CLASS = YES_ERROR;
				CLANG_WARN_UNREACHABLE_CODE = YES;
				CLANG_WARN__DUPLICATE_METHOD_MATCH = YES;
				"CODE_SIGN_IDENTITY[sdk=iphoneos*]" = "iPhone Developer";
				COPY_PHASE_STRIP = NO;
				DEBUG_INFORMATION_FORMAT = dwarf;
				ENABLE_STRICT_OBJC_MSGSEND = YES;
				ENABLE_TESTABILITY = YES;
				GCC_C_LANGUAGE_STANDARD = gnu99;
				GCC_DYNAMIC_NO_PIC = NO;
				GCC_NO_COMMON_BLOCKS = YES;
				GCC_OPTIMIZATION_LEVEL = 0;
				GCC_PREPROCESSOR_DEFINITIONS = (
					"DEBUG=1",
					"$(inherited)",
				);
				GCC_WARN_64_TO_32_BIT_CONVERSION = YES;
				GCC_WARN_ABOUT_RETURN_TYPE = YES_ERROR;
				GCC_WARN_UNDECLARED_SELECTOR = YES;
				GCC_WARN_UNINITIALIZED_AUTOS = YES_AGGRESSIVE;
				GCC_WARN_UNUSED_FUNCTION = YES;
				GCC_WARN_UNUSED_VARIABLE = YES;
				IPHONEOS_DEPLOYMENT_TARGET = 9.3;
				MTL_ENABLE_DEBUG_INFO = YES;
				ONLY_ACTIVE_ARCH = YES;
				SDKROOT = iphoneos;
				SWIFT_OPTIMIZATION_LEVEL = "-Onone";
				TARGETED_DEVICE_FAMILY = "1,2";
			};
			name = Debug;
		};
		8BD527AF1D3C2CA1004F100E /* Release */ = {
			isa = XCBuildConfiguration;
			buildSettings = {
				ALWAYS_SEARCH_USER_PATHS = NO;
				CLANG_ANALYZER_NONNULL = YES;
				CLANG_CXX_LANGUAGE_STANDARD = "gnu++0x";
				CLANG_CXX_LIBRARY = "libc++";
				CLANG_ENABLE_MODULES = YES;
				CLANG_ENABLE_OBJC_ARC = YES;
				CLANG_WARN_BOOL_CONVERSION = YES;
				CLANG_WARN_CONSTANT_CONVERSION = YES;
				CLANG_WARN_DIRECT_OBJC_ISA_USAGE = YES_ERROR;
				CLANG_WARN_EMPTY_BODY = YES;
				CLANG_WARN_ENUM_CONVERSION = YES;
				CLANG_WARN_INT_CONVERSION = YES;
				CLANG_WARN_OBJC_ROOT_CLASS = YES_ERROR;
				CLANG_WARN_UNREACHABLE_CODE = YES;
				CLANG_WARN__DUPLICATE_METHOD_MATCH = YES;
				"CODE_SIGN_IDENTITY[sdk=iphoneos*]" = "iPhone Developer";
				COPY_PHASE_STRIP = NO;
				DEBUG_INFORMATION_FORMAT = "dwarf-with-dsym";
				ENABLE_NS_ASSERTIONS = NO;
				ENABLE_STRICT_OBJC_MSGSEND = YES;
				GCC_C_LANGUAGE_STANDARD = gnu99;
				GCC_NO_COMMON_BLOCKS = YES;
				GCC_WARN_64_TO_32_BIT_CONVERSION = YES;
				GCC_WARN_ABOUT_RETURN_TYPE = YES_ERROR;
				GCC_WARN_UNDECLARED_SELECTOR = YES;
				GCC_WARN_UNINITIALIZED_AUTOS = YES_AGGRESSIVE;
				GCC_WARN_UNUSED_FUNCTION = YES;
				GCC_WARN_UNUSED_VARIABLE = YES;
				IPHONEOS_DEPLOYMENT_TARGET = 9.3;
				MTL_ENABLE_DEBUG_INFO = NO;
				SDKROOT = iphoneos;
				TARGETED_DEVICE_FAMILY = "1,2";
				VALIDATE_PRODUCT = YES;
			};
			name = Release;
		};
		8BD527B11D3C2CA1004F100E /* Debug */ = {
			isa = XCBuildConfiguration;
			buildSettings = {
				ASSETCATALOG_COMPILER_APPICON_NAME = AppIcon;
				ASSETCATALOG_COMPILER_LAUNCHIMAGE_NAME = LaunchImage;
				CODE_SIGN_IDENTITY = "iPhone Developer";
				"CODE_SIGN_IDENTITY[sdk=iphoneos*]" = "iPhone Developer";
				FRAMEWORK_SEARCH_PATHS = (
					"$(inherited)",
					"$(PROJECT_DIR)/Tripple/Sdk/Aws",
					"$(PROJECT_DIR)/Tripple/Sdk/Google",
					"$(PROJECT_DIR)/Tripple/AmazonAws",
					"$(PROJECT_DIR)/Tripple",
				);
				INFOPLIST_FILE = Tripple/Info.plist;
				IPHONEOS_DEPLOYMENT_TARGET = 9.3;
				LD_RUNPATH_SEARCH_PATHS = "$(inherited) @executable_path/Frameworks";
				OTHER_LDFLAGS = "";
				PRODUCT_BUNDLE_IDENTIFIER = com.jwitapps.Tripple;
				PRODUCT_NAME = "$(TARGET_NAME)";
				PROVISIONING_PROFILE = "";
			};
			name = Debug;
		};
		8BD527B21D3C2CA1004F100E /* Release */ = {
			isa = XCBuildConfiguration;
			buildSettings = {
				ASSETCATALOG_COMPILER_APPICON_NAME = AppIcon;
				ASSETCATALOG_COMPILER_LAUNCHIMAGE_NAME = LaunchImage;
				CODE_SIGN_IDENTITY = "iPhone Developer";
				"CODE_SIGN_IDENTITY[sdk=iphoneos*]" = "iPhone Developer";
				FRAMEWORK_SEARCH_PATHS = (
					"$(inherited)",
					"$(PROJECT_DIR)/Tripple/Sdk/Aws",
					"$(PROJECT_DIR)/Tripple/Sdk/Google",
					"$(PROJECT_DIR)/Tripple/AmazonAws",
					"$(PROJECT_DIR)/Tripple",
				);
				INFOPLIST_FILE = Tripple/Info.plist;
				IPHONEOS_DEPLOYMENT_TARGET = 9.3;
				LD_RUNPATH_SEARCH_PATHS = "$(inherited) @executable_path/Frameworks";
				OTHER_LDFLAGS = "";
				PRODUCT_BUNDLE_IDENTIFIER = com.jwitapps.Tripple;
				PRODUCT_NAME = "$(TARGET_NAME)";
				PROVISIONING_PROFILE = "";
			};
			name = Release;
		};
		8BD527B41D3C2CA1004F100E /* Debug */ = {
			isa = XCBuildConfiguration;
			buildSettings = {
				BUNDLE_LOADER = "$(TEST_HOST)";
				INFOPLIST_FILE = TrippleTests/Info.plist;
				LD_RUNPATH_SEARCH_PATHS = "$(inherited) @executable_path/Frameworks @loader_path/Frameworks";
				PRODUCT_BUNDLE_IDENTIFIER = com.jwitapps.TrippleTests;
				PRODUCT_NAME = "$(TARGET_NAME)";
				TEST_HOST = "$(BUILT_PRODUCTS_DIR)/Tripple.app/Tripple";
			};
			name = Debug;
		};
		8BD527B51D3C2CA1004F100E /* Release */ = {
			isa = XCBuildConfiguration;
			buildSettings = {
				BUNDLE_LOADER = "$(TEST_HOST)";
				INFOPLIST_FILE = TrippleTests/Info.plist;
				LD_RUNPATH_SEARCH_PATHS = "$(inherited) @executable_path/Frameworks @loader_path/Frameworks";
				PRODUCT_BUNDLE_IDENTIFIER = com.jwitapps.TrippleTests;
				PRODUCT_NAME = "$(TARGET_NAME)";
				TEST_HOST = "$(BUILT_PRODUCTS_DIR)/Tripple.app/Tripple";
			};
			name = Release;
		};
		8BD527B71D3C2CA1004F100E /* Debug */ = {
			isa = XCBuildConfiguration;
			buildSettings = {
				INFOPLIST_FILE = TrippleUITests/Info.plist;
				LD_RUNPATH_SEARCH_PATHS = "$(inherited) @executable_path/Frameworks @loader_path/Frameworks";
				PRODUCT_BUNDLE_IDENTIFIER = com.jwitapps.TrippleUITests;
				PRODUCT_NAME = "$(TARGET_NAME)";
				TEST_TARGET_NAME = Tripple;
			};
			name = Debug;
		};
		8BD527B81D3C2CA1004F100E /* Release */ = {
			isa = XCBuildConfiguration;
			buildSettings = {
				INFOPLIST_FILE = TrippleUITests/Info.plist;
				LD_RUNPATH_SEARCH_PATHS = "$(inherited) @executable_path/Frameworks @loader_path/Frameworks";
				PRODUCT_BUNDLE_IDENTIFIER = com.jwitapps.TrippleUITests;
				PRODUCT_NAME = "$(TARGET_NAME)";
				TEST_TARGET_NAME = Tripple;
			};
			name = Release;
		};
/* End XCBuildConfiguration section */

/* Begin XCConfigurationList section */
		8BD527811D3C2CA1004F100E /* Build configuration list for PBXProject "Tripple" */ = {
			isa = XCConfigurationList;
			buildConfigurations = (
				8BD527AE1D3C2CA1004F100E /* Debug */,
				8BD527AF1D3C2CA1004F100E /* Release */,
			);
			defaultConfigurationIsVisible = 0;
			defaultConfigurationName = Release;
		};
		8BD527B01D3C2CA1004F100E /* Build configuration list for PBXNativeTarget "Tripple" */ = {
			isa = XCConfigurationList;
			buildConfigurations = (
				8BD527B11D3C2CA1004F100E /* Debug */,
				8BD527B21D3C2CA1004F100E /* Release */,
			);
			defaultConfigurationIsVisible = 0;
			defaultConfigurationName = Release;
		};
		8BD527B31D3C2CA1004F100E /* Build configuration list for PBXNativeTarget "TrippleTests" */ = {
			isa = XCConfigurationList;
			buildConfigurations = (
				8BD527B41D3C2CA1004F100E /* Debug */,
				8BD527B51D3C2CA1004F100E /* Release */,
			);
			defaultConfigurationIsVisible = 0;
			defaultConfigurationName = Release;
		};
		8BD527B61D3C2CA1004F100E /* Build configuration list for PBXNativeTarget "TrippleUITests" */ = {
			isa = XCConfigurationList;
			buildConfigurations = (
				8BD527B71D3C2CA1004F100E /* Debug */,
				8BD527B81D3C2CA1004F100E /* Release */,
			);
			defaultConfigurationIsVisible = 0;
			defaultConfigurationName = Release;
		};
/* End XCConfigurationList section */
	};
	rootObject = 8BD5277E1D3C2CA1004F100E /* Project object */;
}
